
Microsoft Visual Studio Solution File, Format Version 12.00
# Visual Studio Version 17
VisualStudioVersion = 17.0.31903.59
MinimumVisualStudioVersion = 10.0.40219.1
Project("{2150E333-8FDC-42A3-9474-1A3956D46DE8}") = "gateway", "gateway", "{E7BDDBC6-9FD1-D1D7-ACD8-2C4F8E3D2461}"
EndProject
Project("{FAE04EC0-301F-11D3-BF4B-00C04F79EFBC}") = "Gateway.API", "gateway\Gateway.API\Gateway.API.csproj", "{7D036DDF-75C5-4F3B-B34F-34EBAFE2D98D}"
EndProject
Project("{2150E333-8FDC-42A3-9474-1A3956D46DE8}") = "services", "services", "{5854FF58-B8C5-05C6-5BF2-ACE42193F22B}"
EndProject
Project("{2150E333-8FDC-42A3-9474-1A3956D46DE8}") = "AuthService", "AuthService", "{378295AF-C144-6721-7CFF-8DE6E58ED8C7}"
EndProject
Project("{FAE04EC0-301F-11D3-BF4B-00C04F79EFBC}") = "AuthService.API", "services\AuthService\AuthService.API\AuthService.API.csproj", "{B97F658E-AB82-46AB-9B3E-105F5D660B95}"
EndProject
Project("{2150E333-8FDC-42A3-9474-1A3956D46DE8}") = "UserService", "UserService", "{BB9B0570-D764-F740-A1C1-3444BA1D5022}"
EndProject
Project("{FAE04EC0-301F-11D3-BF4B-00C04F79EFBC}") = "UserService.API", "services\UserService\UserService.API\UserService.API.csproj", "{178D11FA-A37B-4DF8-B6C0-A6C716B72AC5}"
EndProject
Project("{FAE04EC0-301F-11D3-BF4B-00C04F79EFBC}") = "MatchService.API", "services\MatchService\MatchService.API\MatchService.API.csproj", "{5DA9A73C-FD0F-47C5-AE60-65FB47AC4681}"
EndProject
Project("{2150E333-8FDC-42A3-9474-1A3956D46DE8}") = "MatchService", "MatchService", "{02EA681E-C7D8-13C7-8484-4AC65E1B71E8}"
EndProject
Project("{2150E333-8FDC-42A3-9474-1A3956D46DE8}") = "NotificationService", "NotificationService", "{9EDCA354-6C97-442F-80E9-D96E340126ED}"
EndProject
Project("{FAE04EC0-301F-11D3-BF4B-00C04F79EFBC}") = "NotificationService.API", "services\NotificationService\NotificationService.API\NotificationService.API.csproj", "{E73B7678-EF98-4B5F-8E64-CF45BA26DDE9}"
EndProject
Project("{2150E333-8FDC-42A3-9474-1A3956D46DE8}") = "MessagingService", "MessagingService", "{BFFD9C3C-BA0C-4143-8549-63A324B16544}"
EndProject
Project("{FAE04EC0-301F-11D3-BF4B-00C04F79EFBC}") = "MessagingService.API", "services\MessagingService\MessagingService.API\MessagingService.API.csproj", "{1EE6D73D-C43B-413E-B8A5-2FBBE86C66DB}"
EndProject
Global
	GlobalSection(SolutionConfigurationPlatforms) = preSolution
		Debug|Any CPU = Debug|Any CPU
		Debug|x64 = Debug|x64
		Debug|x86 = Debug|x86
		Release|Any CPU = Release|Any CPU
		Release|x64 = Release|x64
		Release|x86 = Release|x86
	EndGlobalSection
	GlobalSection(ProjectConfigurationPlatforms) = postSolution
		{7D036DDF-75C5-4F3B-B34F-34EBAFE2D98D}.Debug|Any CPU.ActiveCfg = Debug|Any CPU
		{7D036DDF-75C5-4F3B-B34F-34EBAFE2D98D}.Debug|Any CPU.Build.0 = Debug|Any CPU
		{7D036DDF-75C5-4F3B-B34F-34EBAFE2D98D}.Debug|x64.ActiveCfg = Debug|Any CPU
		{7D036DDF-75C5-4F3B-B34F-34EBAFE2D98D}.Debug|x64.Build.0 = Debug|Any CPU
		{7D036DDF-75C5-4F3B-B34F-34EBAFE2D98D}.Debug|x86.ActiveCfg = Debug|Any CPU
		{7D036DDF-75C5-4F3B-B34F-34EBAFE2D98D}.Debug|x86.Build.0 = Debug|Any CPU
		{7D036DDF-75C5-4F3B-B34F-34EBAFE2D98D}.Release|Any CPU.ActiveCfg = Release|Any CPU
		{7D036DDF-75C5-4F3B-B34F-34EBAFE2D98D}.Release|Any CPU.Build.0 = Release|Any CPU
		{7D036DDF-75C5-4F3B-B34F-34EBAFE2D98D}.Release|x64.ActiveCfg = Release|Any CPU
		{7D036DDF-75C5-4F3B-B34F-34EBAFE2D98D}.Release|x64.Build.0 = Release|Any CPU
		{7D036DDF-75C5-4F3B-B34F-34EBAFE2D98D}.Release|x86.ActiveCfg = Release|Any CPU
		{7D036DDF-75C5-4F3B-B34F-34EBAFE2D98D}.Release|x86.Build.0 = Release|Any CPU
		{B97F658E-AB82-46AB-9B3E-105F5D660B95}.Debug|Any CPU.ActiveCfg = Debug|Any CPU
		{B97F658E-AB82-46AB-9B3E-105F5D660B95}.Debug|Any CPU.Build.0 = Debug|Any CPU
		{B97F658E-AB82-46AB-9B3E-105F5D660B95}.Debug|x64.ActiveCfg = Debug|Any CPU
		{B97F658E-AB82-46AB-9B3E-105F5D660B95}.Debug|x64.Build.0 = Debug|Any CPU
		{B97F658E-AB82-46AB-9B3E-105F5D660B95}.Debug|x86.ActiveCfg = Debug|Any CPU
		{B97F658E-AB82-46AB-9B3E-105F5D660B95}.Debug|x86.Build.0 = Debug|Any CPU
		{B97F658E-AB82-46AB-9B3E-105F5D660B95}.Release|Any CPU.ActiveCfg = Release|Any CPU
		{B97F658E-AB82-46AB-9B3E-105F5D660B95}.Release|Any CPU.Build.0 = Release|Any CPU
		{B97F658E-AB82-46AB-9B3E-105F5D660B95}.Release|x64.ActiveCfg = Release|Any CPU
		{B97F658E-AB82-46AB-9B3E-105F5D660B95}.Release|x64.Build.0 = Release|Any CPU
		{B97F658E-AB82-46AB-9B3E-105F5D660B95}.Release|x86.ActiveCfg = Release|Any CPU
		{B97F658E-AB82-46AB-9B3E-105F5D660B95}.Release|x86.Build.0 = Release|Any CPU
		{178D11FA-A37B-4DF8-B6C0-A6C716B72AC5}.Debug|Any CPU.ActiveCfg = Debug|Any CPU
		{178D11FA-A37B-4DF8-B6C0-A6C716B72AC5}.Debug|Any CPU.Build.0 = Debug|Any CPU
		{178D11FA-A37B-4DF8-B6C0-A6C716B72AC5}.Debug|x64.ActiveCfg = Debug|Any CPU
		{178D11FA-A37B-4DF8-B6C0-A6C716B72AC5}.Debug|x64.Build.0 = Debug|Any CPU
		{178D11FA-A37B-4DF8-B6C0-A6C716B72AC5}.Debug|x86.ActiveCfg = Debug|Any CPU
		{178D11FA-A37B-4DF8-B6C0-A6C716B72AC5}.Debug|x86.Build.0 = Debug|Any CPU
		{178D11FA-A37B-4DF8-B6C0-A6C716B72AC5}.Release|Any CPU.ActiveCfg = Release|Any CPU
		{178D11FA-A37B-4DF8-B6C0-A6C716B72AC5}.Release|Any CPU.Build.0 = Release|Any CPU
		{178D11FA-A37B-4DF8-B6C0-A6C716B72AC5}.Release|x64.ActiveCfg = Release|Any CPU
		{178D11FA-A37B-4DF8-B6C0-A6C716B72AC5}.Release|x64.Build.0 = Release|Any CPU
		{178D11FA-A37B-4DF8-B6C0-A6C716B72AC5}.Release|x86.ActiveCfg = Release|Any CPU
		{178D11FA-A37B-4DF8-B6C0-A6C716B72AC5}.Release|x86.Build.0 = Release|Any CPU
		{5DA9A73C-FD0F-47C5-AE60-65FB47AC4681}.Debug|Any CPU.ActiveCfg = Debug|Any CPU
		{5DA9A73C-FD0F-47C5-AE60-65FB47AC4681}.Debug|Any CPU.Build.0 = Debug|Any CPU
		{5DA9A73C-FD0F-47C5-AE60-65FB47AC4681}.Debug|x64.ActiveCfg = Debug|Any CPU
		{5DA9A73C-FD0F-47C5-AE60-65FB47AC4681}.Debug|x64.Build.0 = Debug|Any CPU
		{5DA9A73C-FD0F-47C5-AE60-65FB47AC4681}.Debug|x86.ActiveCfg = Debug|Any CPU
		{5DA9A73C-FD0F-47C5-AE60-65FB47AC4681}.Debug|x86.Build.0 = Debug|Any CPU
		{5DA9A73C-FD0F-47C5-AE60-65FB47AC4681}.Release|Any CPU.ActiveCfg = Release|Any CPU
		{5DA9A73C-FD0F-47C5-AE60-65FB47AC4681}.Release|Any CPU.Build.0 = Release|Any CPU
		{5DA9A73C-FD0F-47C5-AE60-65FB47AC4681}.Release|x64.ActiveCfg = Release|Any CPU
		{5DA9A73C-FD0F-47C5-AE60-65FB47AC4681}.Release|x64.Build.0 = Release|Any CPU
		{5DA9A73C-FD0F-47C5-AE60-65FB47AC4681}.Release|x86.ActiveCfg = Release|Any CPU
		{5DA9A73C-FD0F-47C5-AE60-65FB47AC4681}.Release|x86.Build.0 = Release|Any CPU
		{E73B7678-EF98-4B5F-8E64-CF45BA26DDE9}.Debug|Any CPU.ActiveCfg = Debug|Any CPU
		{E73B7678-EF98-4B5F-8E64-CF45BA26DDE9}.Debug|Any CPU.Build.0 = Debug|Any CPU
		{E73B7678-EF98-4B5F-8E64-CF45BA26DDE9}.Debug|x64.ActiveCfg = Debug|Any CPU
		{E73B7678-EF98-4B5F-8E64-CF45BA26DDE9}.Debug|x64.Build.0 = Debug|Any CPU
		{E73B7678-EF98-4B5F-8E64-CF45BA26DDE9}.Debug|x86.ActiveCfg = Debug|Any CPU
		{E73B7678-EF98-4B5F-8E64-CF45BA26DDE9}.Debug|x86.Build.0 = Debug|Any CPU
		{E73B7678-EF98-4B5F-8E64-CF45BA26DDE9}.Release|Any CPU.ActiveCfg = Release|Any CPU
		{E73B7678-EF98-4B5F-8E64-CF45BA26DDE9}.Release|Any CPU.Build.0 = Release|Any CPU
		{E73B7678-EF98-4B5F-8E64-CF45BA26DDE9}.Release|x64.ActiveCfg = Release|Any CPU
		{E73B7678-EF98-4B5F-8E64-CF45BA26DDE9}.Release|x64.Build.0 = Release|Any CPU
		{E73B7678-EF98-4B5F-8E64-CF45BA26DDE9}.Release|x86.ActiveCfg = Release|Any CPU
		{E73B7678-EF98-4B5F-8E64-CF45BA26DDE9}.Release|x86.Build.0 = Release|Any CPU
		{1EE6D73D-C43B-413E-B8A5-2FBBE86C66DB}.Debug|Any CPU.ActiveCfg = Debug|Any CPU
		{1EE6D73D-C43B-413E-B8A5-2FBBE86C66DB}.Debug|Any CPU.Build.0 = Debug|Any CPU
		{1EE6D73D-C43B-413E-B8A5-2FBBE86C66DB}.Debug|x64.ActiveCfg = Debug|Any CPU
		{1EE6D73D-C43B-413E-B8A5-2FBBE86C66DB}.Debug|x64.Build.0 = Debug|Any CPU
		{1EE6D73D-C43B-413E-B8A5-2FBBE86C66DB}.Debug|x86.ActiveCfg = Debug|Any CPU
		{1EE6D73D-C43B-413E-B8A5-2FBBE86C66DB}.Debug|x86.Build.0 = Debug|Any CPU
		{1EE6D73D-C43B-413E-B8A5-2FBBE86C66DB}.Release|Any CPU.ActiveCfg = Release|Any CPU
		{1EE6D73D-C43B-413E-B8A5-2FBBE86C66DB}.Release|Any CPU.Build.0 = Release|Any CPU
		{1EE6D73D-C43B-413E-B8A5-2FBBE86C66DB}.Release|x64.ActiveCfg = Release|Any CPU
		{1EE6D73D-C43B-413E-B8A5-2FBBE86C66DB}.Release|x64.Build.0 = Release|Any CPU
		{1EE6D73D-C43B-413E-B8A5-2FBBE86C66DB}.Release|x86.ActiveCfg = Release|Any CPU
		{1EE6D73D-C43B-413E-B8A5-2FBBE86C66DB}.Release|x86.Build.0 = Release|Any CPU
	EndGlobalSection
	GlobalSection(SolutionProperties) = preSolution
		HideSolutionNode = FALSE
	EndGlobalSection
	GlobalSection(NestedProjects) = preSolution
		{7D036DDF-75C5-4F3B-B34F-34EBAFE2D98D} = {E7BDDBC6-9FD1-D1D7-ACD8-2C4F8E3D2461}
		{378295AF-C144-6721-7CFF-8DE6E58ED8C7} = {5854FF58-B8C5-05C6-5BF2-ACE42193F22B}
		{B97F658E-AB82-46AB-9B3E-105F5D660B95} = {378295AF-C144-6721-7CFF-8DE6E58ED8C7}
		{BB9B0570-D764-F740-A1C1-3444BA1D5022} = {5854FF58-B8C5-05C6-5BF2-ACE42193F22B}
		{178D11FA-A37B-4DF8-B6C0-A6C716B72AC5} = {BB9B0570-D764-F740-A1C1-3444BA1D5022}
		{5DA9A73C-FD0F-47C5-AE60-65FB47AC4681} = {02EA681E-C7D8-13C7-8484-4AC65E1B71E8}
		{02EA681E-C7D8-13C7-8484-4AC65E1B71E8} = {5854FF58-B8C5-05C6-5BF2-ACE42193F22B}
		{9EDCA354-6C97-442F-80E9-D96E340126ED} = {5854FF58-B8C5-05C6-5BF2-ACE42193F22B}
		{E73B7678-EF98-4B5F-8E64-CF45BA26DDE9} = {9EDCA354-6C97-442F-80E9-D96E340126ED}
		{BFFD9C3C-BA0C-4143-8549-63A324B16544} = {5854FF58-B8C5-05C6-5BF2-ACE42193F22B}
		{1EE6D73D-C43B-413E-B8A5-2FBBE86C66DB} = {BFFD9C3C-BA0C-4143-8549-63A324B16544}
	EndGlobalSection
	GlobalSection(ExtensibilityGlobals) = postSolution
		SolutionGuid = {E490E9D5-DF89-4B70-825E-893B13205E28}
	EndGlobalSection
EndGlobal
