
Microsoft Visual Studio Solution File, Format Version 12.00
# Visual Studio Version 17
VisualStudioVersion = 17.0.31903.59
MinimumVisualStudioVersion = 10.0.40219.1
Project("{2150E333-8FDC-42A3-9474-1A3956D46DE8}") = "gateway", "gateway", "{E7BDDBC6-9FD1-D1D7-ACD8-2C4F8E3D2461}"
EndProject
Project("{2150E333-8FDC-42A3-9474-1A3956D46DE8}") = "services", "services", "{5854FF58-B8C5-05C6-5BF2-ACE42193F22B}"
EndProject
Project("{2150E333-8FDC-42A3-9474-1A3956D46DE8}") = "shared", "shared", "{8D5A9B7C-3F2E-4A1B-9C8D-7E6F5A4B3C9E}"
EndProject
Project("{FAE04EC0-301F-11D3-BF4B-00C04F79EFBC}") = "Common.Domain", "shared\Common.Domain\Common.Domain.csproj", "{1A2B3C4D-5E6F-7890-ABCD-EF1234567890}"
EndProject
Project("{FAE04EC0-301F-11D3-BF4B-00C04F79EFBC}") = "Common.Infrastructure", "shared\Common.Infrastructure\Common.Infrastructure.csproj", "{2B3C4D5E-6F78-90AB-CDEF-123456789012}"
EndProject
Project("{FAE04EC0-301F-11D3-BF4B-00C04F79EFBC}") = "Common.Application", "shared\Common.Application\Common.Application.csproj", "{3C4D5E6F-7890-ABCD-EF12-345678901234}"
EndProject
Project("{FAE04EC0-301F-11D3-BF4B-00C04F79EFBC}") = "Common.Contracts", "shared\Common.Contracts\Common.Contracts.csproj", "{4D5E6F78-90AB-CDEF-1234-567890123456}"
EndProject
Project("{FAE04EC0-301F-11D3-BF4B-00C04F79EFBC}") = "Gateway.API", "gateway\Gateway.API\Gateway.API.csproj", "{D9401034-C6B3-46B5-BBE8-6C7CD33D7633}"
EndProject
Project("{FAE04EC0-301F-11D3-BF4B-00C04F79EFBC}") = "AiInsightsService.API", "services\AiInsightsService.API\AiInsightsService.API.csproj", "{D21FCBEB-C695-42C1-B342-058A9971E0E7}"
EndProject
Project("{FAE04EC0-301F-11D3-BF4B-00C04F79EFBC}") = "AuthService.API", "services\AuthService.API\AuthService.API.csproj", "{A4E487F7-3407-44E2-B21C-551CC8E23B4A}"
EndProject
Project("{FAE04EC0-301F-11D3-BF4B-00C04F79EFBC}") = "MatchService.API", "services\MatchService.API\MatchService.API.csproj", "{09ABE622-A853-46FF-9230-58F7B2BC2F47}"
EndProject
Project("{FAE04EC0-301F-11D3-BF4B-00C04F79EFBC}") = "MessagingService.API", "services\MessagingService.API\MessagingService.API.csproj", "{514B8437-E8FD-4817-98EE-3529C43388EF}"
EndProject
Project("{FAE04EC0-301F-11D3-BF4B-00C04F79EFBC}") = "ModerationService.API", "services\ModerationService.API\ModerationService.API.csproj", "{3A56124B-6D98-4E6C-A10B-378166E82520}"
EndProject
Project("{FAE04EC0-301F-11D3-BF4B-00C04F79EFBC}") = "NotificationService.API", "services\NotificationService.API\NotificationService.API.csproj", "{B14E7957-0D36-4F8A-9509-401BBF8C5A57}"
EndProject
Project("{FAE04EC0-301F-11D3-BF4B-00C04F79EFBC}") = "PurchaseService.API", "services\PurchaseService.API\PurchaseService.API.csproj", "{B3C006D8-B876-4AFC-B0AD-19A2B650E1C4}"
EndProject
Project("{FAE04EC0-301F-11D3-BF4B-00C04F79EFBC}") = "PushService.API", "services\PushService.API\PushService.API.csproj", "{483745B0-60E8-46EB-AE8A-48966DDE2230}"
EndProject
Project("{FAE04EC0-301F-11D3-BF4B-00C04F79EFBC}") = "UserService.API", "services\UserService.API\UserService.API.csproj", "{295CBDF7-B1B9-4C65-8D6C-8D1EF929259A}"
EndProject
Global
	GlobalSection(SolutionConfigurationPlatforms) = preSolution
		Debug|Any CPU = Debug|Any CPU
		Debug|x64 = Debug|x64
		Debug|x86 = Debug|x86
		Release|Any CPU = Release|Any CPU
		Release|x64 = Release|x64
		Release|x86 = Release|x86
	EndGlobalSection
	GlobalSection(ProjectConfigurationPlatforms) = postSolution
		{1A2B3C4D-5E6F-7890-ABCD-EF1234567890}.Debug|Any CPU.ActiveCfg = Debug|Any CPU
		{1A2B3C4D-5E6F-7890-ABCD-EF1234567890}.Debug|Any CPU.Build.0 = Debug|Any CPU
		{1A2B3C4D-5E6F-7890-ABCD-EF1234567890}.Debug|x64.ActiveCfg = Debug|Any CPU
		{1A2B3C4D-5E6F-7890-ABCD-EF1234567890}.Debug|x64.Build.0 = Debug|Any CPU
		{1A2B3C4D-5E6F-7890-ABCD-EF1234567890}.Debug|x86.ActiveCfg = Debug|Any CPU
		{1A2B3C4D-5E6F-7890-ABCD-EF1234567890}.Debug|x86.Build.0 = Debug|Any CPU
		{1A2B3C4D-5E6F-7890-ABCD-EF1234567890}.Release|Any CPU.ActiveCfg = Release|Any CPU
		{1A2B3C4D-5E6F-7890-ABCD-EF1234567890}.Release|Any CPU.Build.0 = Release|Any CPU
		{1A2B3C4D-5E6F-7890-ABCD-EF1234567890}.Release|x64.ActiveCfg = Release|Any CPU
		{1A2B3C4D-5E6F-7890-ABCD-EF1234567890}.Release|x64.Build.0 = Release|Any CPU
		{1A2B3C4D-5E6F-7890-ABCD-EF1234567890}.Release|x86.ActiveCfg = Release|Any CPU
		{1A2B3C4D-5E6F-7890-ABCD-EF1234567890}.Release|x86.Build.0 = Release|Any CPU
		{2B3C4D5E-6F78-90AB-CDEF-123456789012}.Debug|Any CPU.ActiveCfg = Debug|Any CPU
		{2B3C4D5E-6F78-90AB-CDEF-123456789012}.Debug|Any CPU.Build.0 = Debug|Any CPU
		{2B3C4D5E-6F78-90AB-CDEF-123456789012}.Debug|x64.ActiveCfg = Debug|Any CPU
		{2B3C4D5E-6F78-90AB-CDEF-123456789012}.Debug|x64.Build.0 = Debug|Any CPU
		{2B3C4D5E-6F78-90AB-CDEF-123456789012}.Debug|x86.ActiveCfg = Debug|Any CPU
		{2B3C4D5E-6F78-90AB-CDEF-123456789012}.Debug|x86.Build.0 = Debug|Any CPU
		{2B3C4D5E-6F78-90AB-CDEF-123456789012}.Release|Any CPU.ActiveCfg = Release|Any CPU
		{2B3C4D5E-6F78-90AB-CDEF-123456789012}.Release|Any CPU.Build.0 = Release|Any CPU
		{2B3C4D5E-6F78-90AB-CDEF-123456789012}.Release|x64.ActiveCfg = Release|Any CPU
		{2B3C4D5E-6F78-90AB-CDEF-123456789012}.Release|x64.Build.0 = Release|Any CPU
		{2B3C4D5E-6F78-90AB-CDEF-123456789012}.Release|x86.ActiveCfg = Release|Any CPU
		{2B3C4D5E-6F78-90AB-CDEF-123456789012}.Release|x86.Build.0 = Release|Any CPU
		{3C4D5E6F-7890-ABCD-EF12-345678901234}.Debug|Any CPU.ActiveCfg = Debug|Any CPU
		{3C4D5E6F-7890-ABCD-EF12-345678901234}.Debug|Any CPU.Build.0 = Debug|Any CPU
		{3C4D5E6F-7890-ABCD-EF12-345678901234}.Debug|x64.ActiveCfg = Debug|Any CPU
		{3C4D5E6F-7890-ABCD-EF12-345678901234}.Debug|x64.Build.0 = Debug|Any CPU
		{3C4D5E6F-7890-ABCD-EF12-345678901234}.Debug|x86.ActiveCfg = Debug|Any CPU
		{3C4D5E6F-7890-ABCD-EF12-345678901234}.Debug|x86.Build.0 = Debug|Any CPU
		{3C4D5E6F-7890-ABCD-EF12-345678901234}.Release|Any CPU.ActiveCfg = Release|Any CPU
		{3C4D5E6F-7890-ABCD-EF12-345678901234}.Release|Any CPU.Build.0 = Release|Any CPU
		{3C4D5E6F-7890-ABCD-EF12-345678901234}.Release|x64.ActiveCfg = Release|Any CPU
		{3C4D5E6F-7890-ABCD-EF12-345678901234}.Release|x64.Build.0 = Release|Any CPU
		{3C4D5E6F-7890-ABCD-EF12-345678901234}.Release|x86.ActiveCfg = Release|Any CPU
		{3C4D5E6F-7890-ABCD-EF12-345678901234}.Release|x86.Build.0 = Release|Any CPU
		{4D5E6F78-90AB-CDEF-1234-567890123456}.Debug|Any CPU.ActiveCfg = Debug|Any CPU
		{4D5E6F78-90AB-CDEF-1234-567890123456}.Debug|Any CPU.Build.0 = Debug|Any CPU
		{4D5E6F78-90AB-CDEF-1234-567890123456}.Debug|x64.ActiveCfg = Debug|Any CPU
		{4D5E6F78-90AB-CDEF-1234-567890123456}.Debug|x64.Build.0 = Debug|Any CPU
		{4D5E6F78-90AB-CDEF-1234-567890123456}.Debug|x86.ActiveCfg = Debug|Any CPU
		{4D5E6F78-90AB-CDEF-1234-567890123456}.Debug|x86.Build.0 = Debug|Any CPU
		{4D5E6F78-90AB-CDEF-1234-567890123456}.Release|Any CPU.ActiveCfg = Release|Any CPU
		{4D5E6F78-90AB-CDEF-1234-567890123456}.Release|Any CPU.Build.0 = Release|Any CPU
		{4D5E6F78-90AB-CDEF-1234-567890123456}.Release|x64.ActiveCfg = Release|Any CPU
		{4D5E6F78-90AB-CDEF-1234-567890123456}.Release|x64.Build.0 = Release|Any CPU
		{4D5E6F78-90AB-CDEF-1234-567890123456}.Release|x86.ActiveCfg = Release|Any CPU
		{4D5E6F78-90AB-CDEF-1234-567890123456}.Release|x86.Build.0 = Release|Any CPU
		{D9401034-C6B3-46B5-BBE8-6C7CD33D7633}.Debug|Any CPU.ActiveCfg = Debug|Any CPU
		{D9401034-C6B3-46B5-BBE8-6C7CD33D7633}.Debug|Any CPU.Build.0 = Debug|Any CPU
		{D9401034-C6B3-46B5-BBE8-6C7CD33D7633}.Debug|x64.ActiveCfg = Debug|Any CPU
		{D9401034-C6B3-46B5-BBE8-6C7CD33D7633}.Debug|x64.Build.0 = Debug|Any CPU
		{D9401034-C6B3-46B5-BBE8-6C7CD33D7633}.Debug|x86.ActiveCfg = Debug|Any CPU
		{D9401034-C6B3-46B5-BBE8-6C7CD33D7633}.Debug|x86.Build.0 = Debug|Any CPU
		{D9401034-C6B3-46B5-BBE8-6C7CD33D7633}.Release|Any CPU.ActiveCfg = Release|Any CPU
		{D9401034-C6B3-46B5-BBE8-6C7CD33D7633}.Release|Any CPU.Build.0 = Release|Any CPU
		{D9401034-C6B3-46B5-BBE8-6C7CD33D7633}.Release|x64.ActiveCfg = Release|Any CPU
		{D9401034-C6B3-46B5-BBE8-6C7CD33D7633}.Release|x64.Build.0 = Release|Any CPU
		{D9401034-C6B3-46B5-BBE8-6C7CD33D7633}.Release|x86.ActiveCfg = Release|Any CPU
		{D9401034-C6B3-46B5-BBE8-6C7CD33D7633}.Release|x86.Build.0 = Release|Any CPU
		{D21FCBEB-C695-42C1-B342-058A9971E0E7}.Debug|Any CPU.ActiveCfg = Debug|Any CPU
		{D21FCBEB-C695-42C1-B342-058A9971E0E7}.Debug|Any CPU.Build.0 = Debug|Any CPU
		{D21FCBEB-C695-42C1-B342-058A9971E0E7}.Debug|x64.ActiveCfg = Debug|Any CPU
		{D21FCBEB-C695-42C1-B342-058A9971E0E7}.Debug|x64.Build.0 = Debug|Any CPU
		{D21FCBEB-C695-42C1-B342-058A9971E0E7}.Debug|x86.ActiveCfg = Debug|Any CPU
		{D21FCBEB-C695-42C1-B342-058A9971E0E7}.Debug|x86.Build.0 = Debug|Any CPU
		{D21FCBEB-C695-42C1-B342-058A9971E0E7}.Release|Any CPU.ActiveCfg = Release|Any CPU
		{D21FCBEB-C695-42C1-B342-058A9971E0E7}.Release|Any CPU.Build.0 = Release|Any CPU
		{D21FCBEB-C695-42C1-B342-058A9971E0E7}.Release|x64.ActiveCfg = Release|Any CPU
		{D21FCBEB-C695-42C1-B342-058A9971E0E7}.Release|x64.Build.0 = Release|Any CPU
		{D21FCBEB-C695-42C1-B342-058A9971E0E7}.Release|x86.ActiveCfg = Release|Any CPU
		{D21FCBEB-C695-42C1-B342-058A9971E0E7}.Release|x86.Build.0 = Release|Any CPU
		{A4E487F7-3407-44E2-B21C-551CC8E23B4A}.Debug|Any CPU.ActiveCfg = Debug|Any CPU
		{A4E487F7-3407-44E2-B21C-551CC8E23B4A}.Debug|Any CPU.Build.0 = Debug|Any CPU
		{A4E487F7-3407-44E2-B21C-551CC8E23B4A}.Debug|x64.ActiveCfg = Debug|Any CPU
		{A4E487F7-3407-44E2-B21C-551CC8E23B4A}.Debug|x64.Build.0 = Debug|Any CPU
		{A4E487F7-3407-44E2-B21C-551CC8E23B4A}.Debug|x86.ActiveCfg = Debug|Any CPU
		{A4E487F7-3407-44E2-B21C-551CC8E23B4A}.Debug|x86.Build.0 = Debug|Any CPU
		{A4E487F7-3407-44E2-B21C-551CC8E23B4A}.Release|Any CPU.ActiveCfg = Release|Any CPU
		{A4E487F7-3407-44E2-B21C-551CC8E23B4A}.Release|Any CPU.Build.0 = Release|Any CPU
		{A4E487F7-3407-44E2-B21C-551CC8E23B4A}.Release|x64.ActiveCfg = Release|Any CPU
		{A4E487F7-3407-44E2-B21C-551CC8E23B4A}.Release|x64.Build.0 = Release|Any CPU
		{A4E487F7-3407-44E2-B21C-551CC8E23B4A}.Release|x86.ActiveCfg = Release|Any CPU
		{A4E487F7-3407-44E2-B21C-551CC8E23B4A}.Release|x86.Build.0 = Release|Any CPU
		{09ABE622-A853-46FF-9230-58F7B2BC2F47}.Debug|Any CPU.ActiveCfg = Debug|Any CPU
		{09ABE622-A853-46FF-9230-58F7B2BC2F47}.Debug|Any CPU.Build.0 = Debug|Any CPU
		{09ABE622-A853-46FF-9230-58F7B2BC2F47}.Debug|x64.ActiveCfg = Debug|Any CPU
		{09ABE622-A853-46FF-9230-58F7B2BC2F47}.Debug|x64.Build.0 = Debug|Any CPU
		{09ABE622-A853-46FF-9230-58F7B2BC2F47}.Debug|x86.ActiveCfg = Debug|Any CPU
		{09ABE622-A853-46FF-9230-58F7B2BC2F47}.Debug|x86.Build.0 = Debug|Any CPU
		{09ABE622-A853-46FF-9230-58F7B2BC2F47}.Release|Any CPU.ActiveCfg = Release|Any CPU
		{09ABE622-A853-46FF-9230-58F7B2BC2F47}.Release|Any CPU.Build.0 = Release|Any CPU
		{09ABE622-A853-46FF-9230-58F7B2BC2F47}.Release|x64.ActiveCfg = Release|Any CPU
		{09ABE622-A853-46FF-9230-58F7B2BC2F47}.Release|x64.Build.0 = Release|Any CPU
		{09ABE622-A853-46FF-9230-58F7B2BC2F47}.Release|x86.ActiveCfg = Release|Any CPU
		{09ABE622-A853-46FF-9230-58F7B2BC2F47}.Release|x86.Build.0 = Release|Any CPU
		{514B8437-E8FD-4817-98EE-3529C43388EF}.Debug|Any CPU.ActiveCfg = Debug|Any CPU
		{514B8437-E8FD-4817-98EE-3529C43388EF}.Debug|Any CPU.Build.0 = Debug|Any CPU
		{514B8437-E8FD-4817-98EE-3529C43388EF}.Debug|x64.ActiveCfg = Debug|Any CPU
		{514B8437-E8FD-4817-98EE-3529C43388EF}.Debug|x64.Build.0 = Debug|Any CPU
		{514B8437-E8FD-4817-98EE-3529C43388EF}.Debug|x86.ActiveCfg = Debug|Any CPU
		{514B8437-E8FD-4817-98EE-3529C43388EF}.Debug|x86.Build.0 = Debug|Any CPU
		{514B8437-E8FD-4817-98EE-3529C43388EF}.Release|Any CPU.ActiveCfg = Release|Any CPU
		{514B8437-E8FD-4817-98EE-3529C43388EF}.Release|Any CPU.Build.0 = Release|Any CPU
		{514B8437-E8FD-4817-98EE-3529C43388EF}.Release|x64.ActiveCfg = Release|Any CPU
		{514B8437-E8FD-4817-98EE-3529C43388EF}.Release|x64.Build.0 = Release|Any CPU
		{514B8437-E8FD-4817-98EE-3529C43388EF}.Release|x86.ActiveCfg = Release|Any CPU
		{514B8437-E8FD-4817-98EE-3529C43388EF}.Release|x86.Build.0 = Release|Any CPU
		{3A56124B-6D98-4E6C-A10B-378166E82520}.Debug|Any CPU.ActiveCfg = Debug|Any CPU
		{3A56124B-6D98-4E6C-A10B-378166E82520}.Debug|Any CPU.Build.0 = Debug|Any CPU
		{3A56124B-6D98-4E6C-A10B-378166E82520}.Debug|x64.ActiveCfg = Debug|Any CPU
		{3A56124B-6D98-4E6C-A10B-378166E82520}.Debug|x64.Build.0 = Debug|Any CPU
		{3A56124B-6D98-4E6C-A10B-378166E82520}.Debug|x86.ActiveCfg = Debug|Any CPU
		{3A56124B-6D98-4E6C-A10B-378166E82520}.Debug|x86.Build.0 = Debug|Any CPU
		{3A56124B-6D98-4E6C-A10B-378166E82520}.Release|Any CPU.ActiveCfg = Release|Any CPU
		{3A56124B-6D98-4E6C-A10B-378166E82520}.Release|Any CPU.Build.0 = Release|Any CPU
		{3A56124B-6D98-4E6C-A10B-378166E82520}.Release|x64.ActiveCfg = Release|Any CPU
		{3A56124B-6D98-4E6C-A10B-378166E82520}.Release|x64.Build.0 = Release|Any CPU
		{3A56124B-6D98-4E6C-A10B-378166E82520}.Release|x86.ActiveCfg = Release|Any CPU
		{3A56124B-6D98-4E6C-A10B-378166E82520}.Release|x86.Build.0 = Release|Any CPU
		{B14E7957-0D36-4F8A-9509-401BBF8C5A57}.Debug|Any CPU.ActiveCfg = Debug|Any CPU
		{B14E7957-0D36-4F8A-9509-401BBF8C5A57}.Debug|Any CPU.Build.0 = Debug|Any CPU
		{B14E7957-0D36-4F8A-9509-401BBF8C5A57}.Debug|x64.ActiveCfg = Debug|Any CPU
		{B14E7957-0D36-4F8A-9509-401BBF8C5A57}.Debug|x64.Build.0 = Debug|Any CPU
		{B14E7957-0D36-4F8A-9509-401BBF8C5A57}.Debug|x86.ActiveCfg = Debug|Any CPU
		{B14E7957-0D36-4F8A-9509-401BBF8C5A57}.Debug|x86.Build.0 = Debug|Any CPU
		{B14E7957-0D36-4F8A-9509-401BBF8C5A57}.Release|Any CPU.ActiveCfg = Release|Any CPU
		{B14E7957-0D36-4F8A-9509-401BBF8C5A57}.Release|Any CPU.Build.0 = Release|Any CPU
		{B14E7957-0D36-4F8A-9509-401BBF8C5A57}.Release|x64.ActiveCfg = Release|Any CPU
		{B14E7957-0D36-4F8A-9509-401BBF8C5A57}.Release|x64.Build.0 = Release|Any CPU
		{B14E7957-0D36-4F8A-9509-401BBF8C5A57}.Release|x86.ActiveCfg = Release|Any CPU
		{B14E7957-0D36-4F8A-9509-401BBF8C5A57}.Release|x86.Build.0 = Release|Any CPU
		{B3C006D8-B876-4AFC-B0AD-19A2B650E1C4}.Debug|Any CPU.ActiveCfg = Debug|Any CPU
		{B3C006D8-B876-4AFC-B0AD-19A2B650E1C4}.Debug|Any CPU.Build.0 = Debug|Any CPU
		{B3C006D8-B876-4AFC-B0AD-19A2B650E1C4}.Debug|x64.ActiveCfg = Debug|Any CPU
		{B3C006D8-B876-4AFC-B0AD-19A2B650E1C4}.Debug|x64.Build.0 = Debug|Any CPU
		{B3C006D8-B876-4AFC-B0AD-19A2B650E1C4}.Debug|x86.ActiveCfg = Debug|Any CPU
		{B3C006D8-B876-4AFC-B0AD-19A2B650E1C4}.Debug|x86.Build.0 = Debug|Any CPU
		{B3C006D8-B876-4AFC-B0AD-19A2B650E1C4}.Release|Any CPU.ActiveCfg = Release|Any CPU
		{B3C006D8-B876-4AFC-B0AD-19A2B650E1C4}.Release|Any CPU.Build.0 = Release|Any CPU
		{B3C006D8-B876-4AFC-B0AD-19A2B650E1C4}.Release|x64.ActiveCfg = Release|Any CPU
		{B3C006D8-B876-4AFC-B0AD-19A2B650E1C4}.Release|x64.Build.0 = Release|Any CPU
		{B3C006D8-B876-4AFC-B0AD-19A2B650E1C4}.Release|x86.ActiveCfg = Release|Any CPU
		{B3C006D8-B876-4AFC-B0AD-19A2B650E1C4}.Release|x86.Build.0 = Release|Any CPU
		{483745B0-60E8-46EB-AE8A-48966DDE2230}.Debug|Any CPU.ActiveCfg = Debug|Any CPU
		{483745B0-60E8-46EB-AE8A-48966DDE2230}.Debug|Any CPU.Build.0 = Debug|Any CPU
		{483745B0-60E8-46EB-AE8A-48966DDE2230}.Debug|x64.ActiveCfg = Debug|Any CPU
		{483745B0-60E8-46EB-AE8A-48966DDE2230}.Debug|x64.Build.0 = Debug|Any CPU
		{483745B0-60E8-46EB-AE8A-48966DDE2230}.Debug|x86.ActiveCfg = Debug|Any CPU
		{483745B0-60E8-46EB-AE8A-48966DDE2230}.Debug|x86.Build.0 = Debug|Any CPU
		{483745B0-60E8-46EB-AE8A-48966DDE2230}.Release|Any CPU.ActiveCfg = Release|Any CPU
		{483745B0-60E8-46EB-AE8A-48966DDE2230}.Release|Any CPU.Build.0 = Release|Any CPU
		{483745B0-60E8-46EB-AE8A-48966DDE2230}.Release|x64.ActiveCfg = Release|Any CPU
		{483745B0-60E8-46EB-AE8A-48966DDE2230}.Release|x64.Build.0 = Release|Any CPU
		{483745B0-60E8-46EB-AE8A-48966DDE2230}.Release|x86.ActiveCfg = Release|Any CPU
		{483745B0-60E8-46EB-AE8A-48966DDE2230}.Release|x86.Build.0 = Release|Any CPU
		{295CBDF7-B1B9-4C65-8D6C-8D1EF929259A}.Debug|Any CPU.ActiveCfg = Debug|Any CPU
		{295CBDF7-B1B9-4C65-8D6C-8D1EF929259A}.Debug|Any CPU.Build.0 = Debug|Any CPU
		{295CBDF7-B1B9-4C65-8D6C-8D1EF929259A}.Debug|x64.ActiveCfg = Debug|Any CPU
		{295CBDF7-B1B9-4C65-8D6C-8D1EF929259A}.Debug|x64.Build.0 = Debug|Any CPU
		{295CBDF7-B1B9-4C65-8D6C-8D1EF929259A}.Debug|x86.ActiveCfg = Debug|Any CPU
		{295CBDF7-B1B9-4C65-8D6C-8D1EF929259A}.Debug|x86.Build.0 = Debug|Any CPU
		{295CBDF7-B1B9-4C65-8D6C-8D1EF929259A}.Release|Any CPU.ActiveCfg = Release|Any CPU
		{295CBDF7-B1B9-4C65-8D6C-8D1EF929259A}.Release|Any CPU.Build.0 = Release|Any CPU
		{295CBDF7-B1B9-4C65-8D6C-8D1EF929259A}.Release|x64.ActiveCfg = Release|Any CPU
		{295CBDF7-B1B9-4C65-8D6C-8D1EF929259A}.Release|x64.Build.0 = Release|Any CPU
		{295CBDF7-B1B9-4C65-8D6C-8D1EF929259A}.Release|x86.ActiveCfg = Release|Any CPU
		{295CBDF7-B1B9-4C65-8D6C-8D1EF929259A}.Release|x86.Build.0 = Release|Any CPU
	EndGlobalSection
	GlobalSection(SolutionProperties) = preSolution
		HideSolutionNode = FALSE
	EndGlobalSection
	GlobalSection(NestedProjects) = preSolution
		{1A2B3C4D-5E6F-7890-ABCD-EF1234567890} = {8D5A9B7C-3F2E-4A1B-9C8D-7E6F5A4B3C9E}
		{2B3C4D5E-6F78-90AB-CDEF-123456789012} = {8D5A9B7C-3F2E-4A1B-9C8D-7E6F5A4B3C9E}
		{3C4D5E6F-7890-ABCD-EF12-345678901234} = {8D5A9B7C-3F2E-4A1B-9C8D-7E6F5A4B3C9E}
		{4D5E6F78-90AB-CDEF-1234-567890123456} = {8D5A9B7C-3F2E-4A1B-9C8D-7E6F5A4B3C9E}
		{D9401034-C6B3-46B5-BBE8-6C7CD33D7633} = {E7BDDBC6-9FD1-D1D7-ACD8-2C4F8E3D2461}
		{D21FCBEB-C695-42C1-B342-058A9971E0E7} = {5854FF58-B8C5-05C6-5BF2-ACE42193F22B}
		{A4E487F7-3407-44E2-B21C-551CC8E23B4A} = {5854FF58-B8C5-05C6-5BF2-ACE42193F22B}
		{09ABE622-A853-46FF-9230-58F7B2BC2F47} = {5854FF58-B8C5-05C6-5BF2-ACE42193F22B}
		{514B8437-E8FD-4817-98EE-3529C43388EF} = {5854FF58-B8C5-05C6-5BF2-ACE42193F22B}
		{3A56124B-6D98-4E6C-A10B-378166E82520} = {5854FF58-B8C5-05C6-5BF2-ACE42193F22B}
		{B14E7957-0D36-4F8A-9509-401BBF8C5A57} = {5854FF58-B8C5-05C6-5BF2-ACE42193F22B}
		{B3C006D8-B876-4AFC-B0AD-19A2B650E1C4} = {5854FF58-B8C5-05C6-5BF2-ACE42193F22B}
		{483745B0-60E8-46EB-AE8A-48966DDE2230} = {5854FF58-B8C5-05C6-5BF2-ACE42193F22B}
		{295CBDF7-B1B9-4C65-8D6C-8D1EF929259A} = {5854FF58-B8C5-05C6-5BF2-ACE42193F22B}
	EndGlobalSection
	GlobalSection(ExtensibilityGlobals) = postSolution
		SolutionGuid = {E490E9D5-DF89-4B70-825E-893B13205E28}
	EndGlobalSection
EndGlobal
