
Microsoft Visual Studio Solution File, Format Version 12.00
# Visual Studio Version 17
VisualStudioVersion = 17.0.31903.59
MinimumVisualStudioVersion = 10.0.40219.1
Project("{2150E333-8FDC-42A3-9474-1A3956D46DE8}") = "gateway", "gateway", "{E7BDDBC6-9FD1-D1D7-ACD8-2C4F8E3D2461}"
EndProject
Project("{FAE04EC0-301F-11D3-BF4B-00C04F79EFBC}") = "Gateway.API", "gateway\Gateway.API\Gateway.API.csproj", "{DC2C73DA-6055-4F85-8C31-E9CB04F582C8}"
EndProject
Project("{2150E333-8FDC-42A3-9474-1A3956D46DE8}") = "services", "services", "{5854FF58-B8C5-05C6-5BF2-ACE42193F22B}"
EndProject
Project("{2150E333-8FDC-42A3-9474-1A3956D46DE8}") = "AiInsightsService", "AiInsightsService", "{1C7E2A65-AC48-5148-91B9-F6F2EF18A6CD}"
EndProject
Project("{FAE04EC0-301F-11D3-BF4B-00C04F79EFBC}") = "AiInsightsService.Domain", "services\AiInsightsService\AiInsightsService.Domain\AiInsightsService.Domain.csproj", "{764DC612-14A0-4C78-954B-7353D14620CA}"
EndProject
Project("{FAE04EC0-301F-11D3-BF4B-00C04F79EFBC}") = "AiInsightsService.Application", "services\AiInsightsService\AiInsightsService.Application\AiInsightsService.Application.csproj", "{AB106D19-9C8F-4A9C-880F-97EB0881FEB2}"
EndProject
Project("{FAE04EC0-301F-11D3-BF4B-00C04F79EFBC}") = "AiInsightsService.Infrastructure", "services\AiInsightsService\AiInsightsService.Infrastructure\AiInsightsService.Infrastructure.csproj", "{7C04CB0F-3672-4482-A34F-9ECAB58B66D5}"
EndProject
Project("{FAE04EC0-301F-11D3-BF4B-00C04F79EFBC}") = "AiInsightsService.API", "services\AiInsightsService\AiInsightsService.API\AiInsightsService.API.csproj", "{85E5E506-FFC9-440D-B7ED-1B31A82CC8BB}"
EndProject
Project("{2150E333-8FDC-42A3-9474-1A3956D46DE8}") = "AuthService", "AuthService", "{378295AF-C144-6721-7CFF-8DE6E58ED8C7}"
EndProject
Project("{FAE04EC0-301F-11D3-BF4B-00C04F79EFBC}") = "AuthService.API", "services\AuthService\AuthService.API\AuthService.API.csproj", "{AAB2AA2E-C34E-4E00-A1E7-7B63A2BEC56F}"
EndProject
Project("{2150E333-8FDC-42A3-9474-1A3956D46DE8}") = "MatchService", "MatchService", "{C40FCA86-8C8D-1808-ABA7-4F080A907683}"
EndProject
Project("{FAE04EC0-301F-11D3-BF4B-00C04F79EFBC}") = "MatchService.API", "services\MatchService\MatchService.API\MatchService.API.csproj", "{3ACF1B56-DF27-4360-8333-41EC82EB29EB}"
EndProject
Project("{2150E333-8FDC-42A3-9474-1A3956D46DE8}") = "MessagingService", "MessagingService", "{BE25E52A-86BE-980F-5C6A-023CB27BFA56}"
EndProject
Project("{FAE04EC0-301F-11D3-BF4B-00C04F79EFBC}") = "MessagingService.Domain", "services\MessagingService\MessagingService.Domain\MessagingService.Domain.csproj", "{5C8D948F-DF73-44CA-A9B5-E6FCEE0BE58A}"
EndProject
Project("{FAE04EC0-301F-11D3-BF4B-00C04F79EFBC}") = "MessagingService.Application", "services\MessagingService\MessagingService.Application\MessagingService.Application.csproj", "{7261CC15-CD55-42F5-AD8A-0ED63C8D4FCB}"
EndProject
Project("{FAE04EC0-301F-11D3-BF4B-00C04F79EFBC}") = "MessagingService.Infrastructure", "services\MessagingService\MessagingService.Infrastructure\MessagingService.Infrastructure.csproj", "{2ACD5F84-85EF-4B28-B5F3-BC4657EDB99F}"
EndProject
Project("{FAE04EC0-301F-11D3-BF4B-00C04F79EFBC}") = "MessagingService.API", "services\MessagingService\MessagingService.API\MessagingService.API.csproj", "{9287BF40-F685-49EA-BB1D-92C063D878B8}"
EndProject
Project("{2150E333-8FDC-42A3-9474-1A3956D46DE8}") = "ModerationService", "ModerationService", "{2C10195F-6A1C-05F2-2137-ECCC5CFDD573}"
EndProject
Project("{FAE04EC0-301F-11D3-BF4B-00C04F79EFBC}") = "ModerationService.Domain", "services\ModerationService\ModerationService.Domain\ModerationService.Domain.csproj", "{C2B96163-73FD-4126-89B1-AA595C9117E0}"
EndProject
Project("{FAE04EC0-301F-11D3-BF4B-00C04F79EFBC}") = "ModerationService.Application", "services\ModerationService\ModerationService.Application\ModerationService.Application.csproj", "{4B8C9FB9-5286-44F4-A64C-81E2A2DF5595}"
EndProject
Project("{FAE04EC0-301F-11D3-BF4B-00C04F79EFBC}") = "ModerationService.Infrastructure", "services\ModerationService\ModerationService.Infrastructure\ModerationService.Infrastructure.csproj", "{5FBCD7AD-799B-4FA8-BE29-035727122440}"
EndProject
Project("{FAE04EC0-301F-11D3-BF4B-00C04F79EFBC}") = "ModerationService.API", "services\ModerationService\ModerationService.API\ModerationService.API.csproj", "{D060D666-DDBD-46C2-BA0B-BEA55F90983F}"
EndProject
Project("{2150E333-8FDC-42A3-9474-1A3956D46DE8}") = "NotificationService", "NotificationService", "{74E836B4-46B0-66C7-E002-0B58C90F8616}"
EndProject
Project("{FAE04EC0-301F-11D3-BF4B-00C04F79EFBC}") = "NotificationService.API", "services\NotificationService\NotificationService.API\NotificationService.API.csproj", "{BB510B97-C8A9-477B-B2E6-59453E9698D2}"
EndProject
Project("{2150E333-8FDC-42A3-9474-1A3956D46DE8}") = "PurchaseService", "PurchaseService", "{1EB0A407-EE7D-3DAB-5AA0-0DB5A2DA1B71}"
EndProject
Project("{FAE04EC0-301F-11D3-BF4B-00C04F79EFBC}") = "PurchaseService.API", "services\PurchaseService\PurchaseService.API\PurchaseService.API.csproj", "{41F19A7E-44B2-4DAE-8818-C543BCC626D7}"
EndProject
Project("{2150E333-8FDC-42A3-9474-1A3956D46DE8}") = "PushService", "PushService", "{F26AE88D-9B58-4D65-E363-3F407F95ED48}"
EndProject
Project("{FAE04EC0-301F-11D3-BF4B-00C04F79EFBC}") = "PushService.API", "services\PushService\PushService.API\PushService.API.csproj", "{6A0B1DFE-4F09-411E-BC84-F22E0C357B81}"
EndProject
Project("{2150E333-8FDC-42A3-9474-1A3956D46DE8}") = "UserService", "UserService", "{BB9B0570-D764-F740-A1C1-3444BA1D5022}"
EndProject
Project("{FAE04EC0-301F-11D3-BF4B-00C04F79EFBC}") = "UserService.Domain", "services\UserService\UserService.Domain\UserService.Domain.csproj", "{AFB818D9-8F96-4A1F-8DDE-563A8FEEDACA}"
EndProject
Project("{FAE04EC0-301F-11D3-BF4B-00C04F79EFBC}") = "UserService.Application", "services\UserService\UserService.Application\UserService.Application.csproj", "{1C28BB9C-A5CE-40B5-8CE0-FB214C58C744}"
EndProject
Project("{FAE04EC0-301F-11D3-BF4B-00C04F79EFBC}") = "UserService.Infrastructure", "services\UserService\UserService.Infrastructure\UserService.Infrastructure.csproj", "{68E86B5D-BFCF-47E5-BCF1-12A85A3785F1}"
EndProject
Project("{FAE04EC0-301F-11D3-BF4B-00C04F79EFBC}") = "UserService.API", "services\UserService\UserService.API\UserService.API.csproj", "{E9D6D0B6-1F43-40D8-9C04-E175DA88A06A}"
EndProject
Project("{2150E333-8FDC-42A3-9474-1A3956D46DE8}") = "shared", "shared", "{4F52FD11-658E-A102-6CD3-7D7C16FFA15B}"
EndProject
Project("{FAE04EC0-301F-11D3-BF4B-00C04F79EFBC}") = "Common.Domain", "shared\Common.Domain\Common.Domain.csproj", "{521477F8-0828-4AA8-A8EB-B7439EEDA7C2}"
EndProject
Project("{FAE04EC0-301F-11D3-BF4B-00C04F79EFBC}") = "Common.Application", "shared\Common.Application\Common.Application.csproj", "{AEFBF1E1-9761-4380-B050-ACEC8B522BD5}"
EndProject
Project("{FAE04EC0-301F-11D3-BF4B-00C04F79EFBC}") = "Common.Infrastructure", "shared\Common.Infrastructure\Common.Infrastructure.csproj", "{B8828BFF-33EE-469A-8944-D84AD5127057}"
EndProject
Project("{FAE04EC0-301F-11D3-BF4B-00C04F79EFBC}") = "Common.Contracts", "shared\Common.Contracts\Common.Contracts.csproj", "{12DCD523-9D50-4FE7-A0EE-D56D1FAF3D7E}"
EndProject
Global
	GlobalSection(SolutionConfigurationPlatforms) = preSolution
		Debug|Any CPU = Debug|Any CPU
		Debug|x64 = Debug|x64
		Debug|x86 = Debug|x86
		Release|Any CPU = Release|Any CPU
		Release|x64 = Release|x64
		Release|x86 = Release|x86
	EndGlobalSection
	GlobalSection(ProjectConfigurationPlatforms) = postSolution
		{DC2C73DA-6055-4F85-8C31-E9CB04F582C8}.Debug|Any CPU.ActiveCfg = Debug|Any CPU
		{DC2C73DA-6055-4F85-8C31-E9CB04F582C8}.Debug|Any CPU.Build.0 = Debug|Any CPU
		{DC2C73DA-6055-4F85-8C31-E9CB04F582C8}.Debug|x64.ActiveCfg = Debug|Any CPU
		{DC2C73DA-6055-4F85-8C31-E9CB04F582C8}.Debug|x64.Build.0 = Debug|Any CPU
		{DC2C73DA-6055-4F85-8C31-E9CB04F582C8}.Debug|x86.ActiveCfg = Debug|Any CPU
		{DC2C73DA-6055-4F85-8C31-E9CB04F582C8}.Debug|x86.Build.0 = Debug|Any CPU
		{DC2C73DA-6055-4F85-8C31-E9CB04F582C8}.Release|Any CPU.ActiveCfg = Release|Any CPU
		{DC2C73DA-6055-4F85-8C31-E9CB04F582C8}.Release|Any CPU.Build.0 = Release|Any CPU
		{DC2C73DA-6055-4F85-8C31-E9CB04F582C8}.Release|x64.ActiveCfg = Release|Any CPU
		{DC2C73DA-6055-4F85-8C31-E9CB04F582C8}.Release|x64.Build.0 = Release|Any CPU
		{DC2C73DA-6055-4F85-8C31-E9CB04F582C8}.Release|x86.ActiveCfg = Release|Any CPU
		{DC2C73DA-6055-4F85-8C31-E9CB04F582C8}.Release|x86.Build.0 = Release|Any CPU
		{764DC612-14A0-4C78-954B-7353D14620CA}.Debug|Any CPU.ActiveCfg = Debug|Any CPU
		{764DC612-14A0-4C78-954B-7353D14620CA}.Debug|Any CPU.Build.0 = Debug|Any CPU
		{764DC612-14A0-4C78-954B-7353D14620CA}.Debug|x64.ActiveCfg = Debug|Any CPU
		{764DC612-14A0-4C78-954B-7353D14620CA}.Debug|x64.Build.0 = Debug|Any CPU
		{764DC612-14A0-4C78-954B-7353D14620CA}.Debug|x86.ActiveCfg = Debug|Any CPU
		{764DC612-14A0-4C78-954B-7353D14620CA}.Debug|x86.Build.0 = Debug|Any CPU
		{764DC612-14A0-4C78-954B-7353D14620CA}.Release|Any CPU.ActiveCfg = Release|Any CPU
		{764DC612-14A0-4C78-954B-7353D14620CA}.Release|Any CPU.Build.0 = Release|Any CPU
		{764DC612-14A0-4C78-954B-7353D14620CA}.Release|x64.ActiveCfg = Release|Any CPU
		{764DC612-14A0-4C78-954B-7353D14620CA}.Release|x64.Build.0 = Release|Any CPU
		{764DC612-14A0-4C78-954B-7353D14620CA}.Release|x86.ActiveCfg = Release|Any CPU
		{764DC612-14A0-4C78-954B-7353D14620CA}.Release|x86.Build.0 = Release|Any CPU
		{AB106D19-9C8F-4A9C-880F-97EB0881FEB2}.Debug|Any CPU.ActiveCfg = Debug|Any CPU
		{AB106D19-9C8F-4A9C-880F-97EB0881FEB2}.Debug|Any CPU.Build.0 = Debug|Any CPU
		{AB106D19-9C8F-4A9C-880F-97EB0881FEB2}.Debug|x64.ActiveCfg = Debug|Any CPU
		{AB106D19-9C8F-4A9C-880F-97EB0881FEB2}.Debug|x64.Build.0 = Debug|Any CPU
		{AB106D19-9C8F-4A9C-880F-97EB0881FEB2}.Debug|x86.ActiveCfg = Debug|Any CPU
		{AB106D19-9C8F-4A9C-880F-97EB0881FEB2}.Debug|x86.Build.0 = Debug|Any CPU
		{AB106D19-9C8F-4A9C-880F-97EB0881FEB2}.Release|Any CPU.ActiveCfg = Release|Any CPU
		{AB106D19-9C8F-4A9C-880F-97EB0881FEB2}.Release|Any CPU.Build.0 = Release|Any CPU
		{AB106D19-9C8F-4A9C-880F-97EB0881FEB2}.Release|x64.ActiveCfg = Release|Any CPU
		{AB106D19-9C8F-4A9C-880F-97EB0881FEB2}.Release|x64.Build.0 = Release|Any CPU
		{AB106D19-9C8F-4A9C-880F-97EB0881FEB2}.Release|x86.ActiveCfg = Release|Any CPU
		{AB106D19-9C8F-4A9C-880F-97EB0881FEB2}.Release|x86.Build.0 = Release|Any CPU
		{7C04CB0F-3672-4482-A34F-9ECAB58B66D5}.Debug|Any CPU.ActiveCfg = Debug|Any CPU
		{7C04CB0F-3672-4482-A34F-9ECAB58B66D5}.Debug|Any CPU.Build.0 = Debug|Any CPU
		{7C04CB0F-3672-4482-A34F-9ECAB58B66D5}.Debug|x64.ActiveCfg = Debug|Any CPU
		{7C04CB0F-3672-4482-A34F-9ECAB58B66D5}.Debug|x64.Build.0 = Debug|Any CPU
		{7C04CB0F-3672-4482-A34F-9ECAB58B66D5}.Debug|x86.ActiveCfg = Debug|Any CPU
		{7C04CB0F-3672-4482-A34F-9ECAB58B66D5}.Debug|x86.Build.0 = Debug|Any CPU
		{7C04CB0F-3672-4482-A34F-9ECAB58B66D5}.Release|Any CPU.ActiveCfg = Release|Any CPU
		{7C04CB0F-3672-4482-A34F-9ECAB58B66D5}.Release|Any CPU.Build.0 = Release|Any CPU
		{7C04CB0F-3672-4482-A34F-9ECAB58B66D5}.Release|x64.ActiveCfg = Release|Any CPU
		{7C04CB0F-3672-4482-A34F-9ECAB58B66D5}.Release|x64.Build.0 = Release|Any CPU
		{7C04CB0F-3672-4482-A34F-9ECAB58B66D5}.Release|x86.ActiveCfg = Release|Any CPU
		{7C04CB0F-3672-4482-A34F-9ECAB58B66D5}.Release|x86.Build.0 = Release|Any CPU
		{85E5E506-FFC9-440D-B7ED-1B31A82CC8BB}.Debug|Any CPU.ActiveCfg = Debug|Any CPU
		{85E5E506-FFC9-440D-B7ED-1B31A82CC8BB}.Debug|Any CPU.Build.0 = Debug|Any CPU
		{85E5E506-FFC9-440D-B7ED-1B31A82CC8BB}.Debug|x64.ActiveCfg = Debug|Any CPU
		{85E5E506-FFC9-440D-B7ED-1B31A82CC8BB}.Debug|x64.Build.0 = Debug|Any CPU
		{85E5E506-FFC9-440D-B7ED-1B31A82CC8BB}.Debug|x86.ActiveCfg = Debug|Any CPU
		{85E5E506-FFC9-440D-B7ED-1B31A82CC8BB}.Debug|x86.Build.0 = Debug|Any CPU
		{85E5E506-FFC9-440D-B7ED-1B31A82CC8BB}.Release|Any CPU.ActiveCfg = Release|Any CPU
		{85E5E506-FFC9-440D-B7ED-1B31A82CC8BB}.Release|Any CPU.Build.0 = Release|Any CPU
		{85E5E506-FFC9-440D-B7ED-1B31A82CC8BB}.Release|x64.ActiveCfg = Release|Any CPU
		{85E5E506-FFC9-440D-B7ED-1B31A82CC8BB}.Release|x64.Build.0 = Release|Any CPU
		{85E5E506-FFC9-440D-B7ED-1B31A82CC8BB}.Release|x86.ActiveCfg = Release|Any CPU
		{85E5E506-FFC9-440D-B7ED-1B31A82CC8BB}.Release|x86.Build.0 = Release|Any CPU
		{AAB2AA2E-C34E-4E00-A1E7-7B63A2BEC56F}.Debug|Any CPU.ActiveCfg = Debug|Any CPU
		{AAB2AA2E-C34E-4E00-A1E7-7B63A2BEC56F}.Debug|Any CPU.Build.0 = Debug|Any CPU
		{AAB2AA2E-C34E-4E00-A1E7-7B63A2BEC56F}.Debug|x64.ActiveCfg = Debug|Any CPU
		{AAB2AA2E-C34E-4E00-A1E7-7B63A2BEC56F}.Debug|x64.Build.0 = Debug|Any CPU
		{AAB2AA2E-C34E-4E00-A1E7-7B63A2BEC56F}.Debug|x86.ActiveCfg = Debug|Any CPU
		{AAB2AA2E-C34E-4E00-A1E7-7B63A2BEC56F}.Debug|x86.Build.0 = Debug|Any CPU
		{AAB2AA2E-C34E-4E00-A1E7-7B63A2BEC56F}.Release|Any CPU.ActiveCfg = Release|Any CPU
		{AAB2AA2E-C34E-4E00-A1E7-7B63A2BEC56F}.Release|Any CPU.Build.0 = Release|Any CPU
		{AAB2AA2E-C34E-4E00-A1E7-7B63A2BEC56F}.Release|x64.ActiveCfg = Release|Any CPU
		{AAB2AA2E-C34E-4E00-A1E7-7B63A2BEC56F}.Release|x64.Build.0 = Release|Any CPU
		{AAB2AA2E-C34E-4E00-A1E7-7B63A2BEC56F}.Release|x86.ActiveCfg = Release|Any CPU
		{AAB2AA2E-C34E-4E00-A1E7-7B63A2BEC56F}.Release|x86.Build.0 = Release|Any CPU
		{3ACF1B56-DF27-4360-8333-41EC82EB29EB}.Debug|Any CPU.ActiveCfg = Debug|Any CPU
		{3ACF1B56-DF27-4360-8333-41EC82EB29EB}.Debug|Any CPU.Build.0 = Debug|Any CPU
		{3ACF1B56-DF27-4360-8333-41EC82EB29EB}.Debug|x64.ActiveCfg = Debug|Any CPU
		{3ACF1B56-DF27-4360-8333-41EC82EB29EB}.Debug|x64.Build.0 = Debug|Any CPU
		{3ACF1B56-DF27-4360-8333-41EC82EB29EB}.Debug|x86.ActiveCfg = Debug|Any CPU
		{3ACF1B56-DF27-4360-8333-41EC82EB29EB}.Debug|x86.Build.0 = Debug|Any CPU
		{3ACF1B56-DF27-4360-8333-41EC82EB29EB}.Release|Any CPU.ActiveCfg = Release|Any CPU
		{3ACF1B56-DF27-4360-8333-41EC82EB29EB}.Release|Any CPU.Build.0 = Release|Any CPU
		{3ACF1B56-DF27-4360-8333-41EC82EB29EB}.Release|x64.ActiveCfg = Release|Any CPU
		{3ACF1B56-DF27-4360-8333-41EC82EB29EB}.Release|x64.Build.0 = Release|Any CPU
		{3ACF1B56-DF27-4360-8333-41EC82EB29EB}.Release|x86.ActiveCfg = Release|Any CPU
		{3ACF1B56-DF27-4360-8333-41EC82EB29EB}.Release|x86.Build.0 = Release|Any CPU
		{5C8D948F-DF73-44CA-A9B5-E6FCEE0BE58A}.Debug|Any CPU.ActiveCfg = Debug|Any CPU
		{5C8D948F-DF73-44CA-A9B5-E6FCEE0BE58A}.Debug|Any CPU.Build.0 = Debug|Any CPU
		{5C8D948F-DF73-44CA-A9B5-E6FCEE0BE58A}.Debug|x64.ActiveCfg = Debug|Any CPU
		{5C8D948F-DF73-44CA-A9B5-E6FCEE0BE58A}.Debug|x64.Build.0 = Debug|Any CPU
		{5C8D948F-DF73-44CA-A9B5-E6FCEE0BE58A}.Debug|x86.ActiveCfg = Debug|Any CPU
		{5C8D948F-DF73-44CA-A9B5-E6FCEE0BE58A}.Debug|x86.Build.0 = Debug|Any CPU
		{5C8D948F-DF73-44CA-A9B5-E6FCEE0BE58A}.Release|Any CPU.ActiveCfg = Release|Any CPU
		{5C8D948F-DF73-44CA-A9B5-E6FCEE0BE58A}.Release|Any CPU.Build.0 = Release|Any CPU
		{5C8D948F-DF73-44CA-A9B5-E6FCEE0BE58A}.Release|x64.ActiveCfg = Release|Any CPU
		{5C8D948F-DF73-44CA-A9B5-E6FCEE0BE58A}.Release|x64.Build.0 = Release|Any CPU
		{5C8D948F-DF73-44CA-A9B5-E6FCEE0BE58A}.Release|x86.ActiveCfg = Release|Any CPU
		{5C8D948F-DF73-44CA-A9B5-E6FCEE0BE58A}.Release|x86.Build.0 = Release|Any CPU
		{7261CC15-CD55-42F5-AD8A-0ED63C8D4FCB}.Debug|Any CPU.ActiveCfg = Debug|Any CPU
		{7261CC15-CD55-42F5-AD8A-0ED63C8D4FCB}.Debug|Any CPU.Build.0 = Debug|Any CPU
		{7261CC15-CD55-42F5-AD8A-0ED63C8D4FCB}.Debug|x64.ActiveCfg = Debug|Any CPU
		{7261CC15-CD55-42F5-AD8A-0ED63C8D4FCB}.Debug|x64.Build.0 = Debug|Any CPU
		{7261CC15-CD55-42F5-AD8A-0ED63C8D4FCB}.Debug|x86.ActiveCfg = Debug|Any CPU
		{7261CC15-CD55-42F5-AD8A-0ED63C8D4FCB}.Debug|x86.Build.0 = Debug|Any CPU
		{7261CC15-CD55-42F5-AD8A-0ED63C8D4FCB}.Release|Any CPU.ActiveCfg = Release|Any CPU
		{7261CC15-CD55-42F5-AD8A-0ED63C8D4FCB}.Release|Any CPU.Build.0 = Release|Any CPU
		{7261CC15-CD55-42F5-AD8A-0ED63C8D4FCB}.Release|x64.ActiveCfg = Release|Any CPU
		{7261CC15-CD55-42F5-AD8A-0ED63C8D4FCB}.Release|x64.Build.0 = Release|Any CPU
		{7261CC15-CD55-42F5-AD8A-0ED63C8D4FCB}.Release|x86.ActiveCfg = Release|Any CPU
		{7261CC15-CD55-42F5-AD8A-0ED63C8D4FCB}.Release|x86.Build.0 = Release|Any CPU
		{2ACD5F84-85EF-4B28-B5F3-BC4657EDB99F}.Debug|Any CPU.ActiveCfg = Debug|Any CPU
		{2ACD5F84-85EF-4B28-B5F3-BC4657EDB99F}.Debug|Any CPU.Build.0 = Debug|Any CPU
		{2ACD5F84-85EF-4B28-B5F3-BC4657EDB99F}.Debug|x64.ActiveCfg = Debug|Any CPU
		{2ACD5F84-85EF-4B28-B5F3-BC4657EDB99F}.Debug|x64.Build.0 = Debug|Any CPU
		{2ACD5F84-85EF-4B28-B5F3-BC4657EDB99F}.Debug|x86.ActiveCfg = Debug|Any CPU
		{2ACD5F84-85EF-4B28-B5F3-BC4657EDB99F}.Debug|x86.Build.0 = Debug|Any CPU
		{2ACD5F84-85EF-4B28-B5F3-BC4657EDB99F}.Release|Any CPU.ActiveCfg = Release|Any CPU
		{2ACD5F84-85EF-4B28-B5F3-BC4657EDB99F}.Release|Any CPU.Build.0 = Release|Any CPU
		{2ACD5F84-85EF-4B28-B5F3-BC4657EDB99F}.Release|x64.ActiveCfg = Release|Any CPU
		{2ACD5F84-85EF-4B28-B5F3-BC4657EDB99F}.Release|x64.Build.0 = Release|Any CPU
		{2ACD5F84-85EF-4B28-B5F3-BC4657EDB99F}.Release|x86.ActiveCfg = Release|Any CPU
		{2ACD5F84-85EF-4B28-B5F3-BC4657EDB99F}.Release|x86.Build.0 = Release|Any CPU
		{9287BF40-F685-49EA-BB1D-92C063D878B8}.Debug|Any CPU.ActiveCfg = Debug|Any CPU
		{9287BF40-F685-49EA-BB1D-92C063D878B8}.Debug|Any CPU.Build.0 = Debug|Any CPU
		{9287BF40-F685-49EA-BB1D-92C063D878B8}.Debug|x64.ActiveCfg = Debug|Any CPU
		{9287BF40-F685-49EA-BB1D-92C063D878B8}.Debug|x64.Build.0 = Debug|Any CPU
		{9287BF40-F685-49EA-BB1D-92C063D878B8}.Debug|x86.ActiveCfg = Debug|Any CPU
		{9287BF40-F685-49EA-BB1D-92C063D878B8}.Debug|x86.Build.0 = Debug|Any CPU
		{9287BF40-F685-49EA-BB1D-92C063D878B8}.Release|Any CPU.ActiveCfg = Release|Any CPU
		{9287BF40-F685-49EA-BB1D-92C063D878B8}.Release|Any CPU.Build.0 = Release|Any CPU
		{9287BF40-F685-49EA-BB1D-92C063D878B8}.Release|x64.ActiveCfg = Release|Any CPU
		{9287BF40-F685-49EA-BB1D-92C063D878B8}.Release|x64.Build.0 = Release|Any CPU
		{9287BF40-F685-49EA-BB1D-92C063D878B8}.Release|x86.ActiveCfg = Release|Any CPU
		{9287BF40-F685-49EA-BB1D-92C063D878B8}.Release|x86.Build.0 = Release|Any CPU
		{C2B96163-73FD-4126-89B1-AA595C9117E0}.Debug|Any CPU.ActiveCfg = Debug|Any CPU
		{C2B96163-73FD-4126-89B1-AA595C9117E0}.Debug|Any CPU.Build.0 = Debug|Any CPU
		{C2B96163-73FD-4126-89B1-AA595C9117E0}.Debug|x64.ActiveCfg = Debug|Any CPU
		{C2B96163-73FD-4126-89B1-AA595C9117E0}.Debug|x64.Build.0 = Debug|Any CPU
		{C2B96163-73FD-4126-89B1-AA595C9117E0}.Debug|x86.ActiveCfg = Debug|Any CPU
		{C2B96163-73FD-4126-89B1-AA595C9117E0}.Debug|x86.Build.0 = Debug|Any CPU
		{C2B96163-73FD-4126-89B1-AA595C9117E0}.Release|Any CPU.ActiveCfg = Release|Any CPU
		{C2B96163-73FD-4126-89B1-AA595C9117E0}.Release|Any CPU.Build.0 = Release|Any CPU
		{C2B96163-73FD-4126-89B1-AA595C9117E0}.Release|x64.ActiveCfg = Release|Any CPU
		{C2B96163-73FD-4126-89B1-AA595C9117E0}.Release|x64.Build.0 = Release|Any CPU
		{C2B96163-73FD-4126-89B1-AA595C9117E0}.Release|x86.ActiveCfg = Release|Any CPU
		{C2B96163-73FD-4126-89B1-AA595C9117E0}.Release|x86.Build.0 = Release|Any CPU
		{4B8C9FB9-5286-44F4-A64C-81E2A2DF5595}.Debug|Any CPU.ActiveCfg = Debug|Any CPU
		{4B8C9FB9-5286-44F4-A64C-81E2A2DF5595}.Debug|Any CPU.Build.0 = Debug|Any CPU
		{4B8C9FB9-5286-44F4-A64C-81E2A2DF5595}.Debug|x64.ActiveCfg = Debug|Any CPU
		{4B8C9FB9-5286-44F4-A64C-81E2A2DF5595}.Debug|x64.Build.0 = Debug|Any CPU
		{4B8C9FB9-5286-44F4-A64C-81E2A2DF5595}.Debug|x86.ActiveCfg = Debug|Any CPU
		{4B8C9FB9-5286-44F4-A64C-81E2A2DF5595}.Debug|x86.Build.0 = Debug|Any CPU
		{4B8C9FB9-5286-44F4-A64C-81E2A2DF5595}.Release|Any CPU.ActiveCfg = Release|Any CPU
		{4B8C9FB9-5286-44F4-A64C-81E2A2DF5595}.Release|Any CPU.Build.0 = Release|Any CPU
		{4B8C9FB9-5286-44F4-A64C-81E2A2DF5595}.Release|x64.ActiveCfg = Release|Any CPU
		{4B8C9FB9-5286-44F4-A64C-81E2A2DF5595}.Release|x64.Build.0 = Release|Any CPU
		{4B8C9FB9-5286-44F4-A64C-81E2A2DF5595}.Release|x86.ActiveCfg = Release|Any CPU
		{4B8C9FB9-5286-44F4-A64C-81E2A2DF5595}.Release|x86.Build.0 = Release|Any CPU
		{5FBCD7AD-799B-4FA8-BE29-035727122440}.Debug|Any CPU.ActiveCfg = Debug|Any CPU
		{5FBCD7AD-799B-4FA8-BE29-035727122440}.Debug|Any CPU.Build.0 = Debug|Any CPU
		{5FBCD7AD-799B-4FA8-BE29-035727122440}.Debug|x64.ActiveCfg = Debug|Any CPU
		{5FBCD7AD-799B-4FA8-BE29-035727122440}.Debug|x64.Build.0 = Debug|Any CPU
		{5FBCD7AD-799B-4FA8-BE29-035727122440}.Debug|x86.ActiveCfg = Debug|Any CPU
		{5FBCD7AD-799B-4FA8-BE29-035727122440}.Debug|x86.Build.0 = Debug|Any CPU
		{5FBCD7AD-799B-4FA8-BE29-035727122440}.Release|Any CPU.ActiveCfg = Release|Any CPU
		{5FBCD7AD-799B-4FA8-BE29-035727122440}.Release|Any CPU.Build.0 = Release|Any CPU
		{5FBCD7AD-799B-4FA8-BE29-035727122440}.Release|x64.ActiveCfg = Release|Any CPU
		{5FBCD7AD-799B-4FA8-BE29-035727122440}.Release|x64.Build.0 = Release|Any CPU
		{5FBCD7AD-799B-4FA8-BE29-035727122440}.Release|x86.ActiveCfg = Release|Any CPU
		{5FBCD7AD-799B-4FA8-BE29-035727122440}.Release|x86.Build.0 = Release|Any CPU
		{D060D666-DDBD-46C2-BA0B-BEA55F90983F}.Debug|Any CPU.ActiveCfg = Debug|Any CPU
		{D060D666-DDBD-46C2-BA0B-BEA55F90983F}.Debug|Any CPU.Build.0 = Debug|Any CPU
		{D060D666-DDBD-46C2-BA0B-BEA55F90983F}.Debug|x64.ActiveCfg = Debug|Any CPU
		{D060D666-DDBD-46C2-BA0B-BEA55F90983F}.Debug|x64.Build.0 = Debug|Any CPU
		{D060D666-DDBD-46C2-BA0B-BEA55F90983F}.Debug|x86.ActiveCfg = Debug|Any CPU
		{D060D666-DDBD-46C2-BA0B-BEA55F90983F}.Debug|x86.Build.0 = Debug|Any CPU
		{D060D666-DDBD-46C2-BA0B-BEA55F90983F}.Release|Any CPU.ActiveCfg = Release|Any CPU
		{D060D666-DDBD-46C2-BA0B-BEA55F90983F}.Release|Any CPU.Build.0 = Release|Any CPU
		{D060D666-DDBD-46C2-BA0B-BEA55F90983F}.Release|x64.ActiveCfg = Release|Any CPU
		{D060D666-DDBD-46C2-BA0B-BEA55F90983F}.Release|x64.Build.0 = Release|Any CPU
		{D060D666-DDBD-46C2-BA0B-BEA55F90983F}.Release|x86.ActiveCfg = Release|Any CPU
		{D060D666-DDBD-46C2-BA0B-BEA55F90983F}.Release|x86.Build.0 = Release|Any CPU
		{BB510B97-C8A9-477B-B2E6-59453E9698D2}.Debug|Any CPU.ActiveCfg = Debug|Any CPU
		{BB510B97-C8A9-477B-B2E6-59453E9698D2}.Debug|Any CPU.Build.0 = Debug|Any CPU
		{BB510B97-C8A9-477B-B2E6-59453E9698D2}.Debug|x64.ActiveCfg = Debug|Any CPU
		{BB510B97-C8A9-477B-B2E6-59453E9698D2}.Debug|x64.Build.0 = Debug|Any CPU
		{BB510B97-C8A9-477B-B2E6-59453E9698D2}.Debug|x86.ActiveCfg = Debug|Any CPU
		{BB510B97-C8A9-477B-B2E6-59453E9698D2}.Debug|x86.Build.0 = Debug|Any CPU
		{BB510B97-C8A9-477B-B2E6-59453E9698D2}.Release|Any CPU.ActiveCfg = Release|Any CPU
		{BB510B97-C8A9-477B-B2E6-59453E9698D2}.Release|Any CPU.Build.0 = Release|Any CPU
		{BB510B97-C8A9-477B-B2E6-59453E9698D2}.Release|x64.ActiveCfg = Release|Any CPU
		{BB510B97-C8A9-477B-B2E6-59453E9698D2}.Release|x64.Build.0 = Release|Any CPU
		{BB510B97-C8A9-477B-B2E6-59453E9698D2}.Release|x86.ActiveCfg = Release|Any CPU
		{BB510B97-C8A9-477B-B2E6-59453E9698D2}.Release|x86.Build.0 = Release|Any CPU
		{41F19A7E-44B2-4DAE-8818-C543BCC626D7}.Debug|Any CPU.ActiveCfg = Debug|Any CPU
		{41F19A7E-44B2-4DAE-8818-C543BCC626D7}.Debug|Any CPU.Build.0 = Debug|Any CPU
		{41F19A7E-44B2-4DAE-8818-C543BCC626D7}.Debug|x64.ActiveCfg = Debug|Any CPU
		{41F19A7E-44B2-4DAE-8818-C543BCC626D7}.Debug|x64.Build.0 = Debug|Any CPU
		{41F19A7E-44B2-4DAE-8818-C543BCC626D7}.Debug|x86.ActiveCfg = Debug|Any CPU
		{41F19A7E-44B2-4DAE-8818-C543BCC626D7}.Debug|x86.Build.0 = Debug|Any CPU
		{41F19A7E-44B2-4DAE-8818-C543BCC626D7}.Release|Any CPU.ActiveCfg = Release|Any CPU
		{41F19A7E-44B2-4DAE-8818-C543BCC626D7}.Release|Any CPU.Build.0 = Release|Any CPU
		{41F19A7E-44B2-4DAE-8818-C543BCC626D7}.Release|x64.ActiveCfg = Release|Any CPU
		{41F19A7E-44B2-4DAE-8818-C543BCC626D7}.Release|x64.Build.0 = Release|Any CPU
		{41F19A7E-44B2-4DAE-8818-C543BCC626D7}.Release|x86.ActiveCfg = Release|Any CPU
		{41F19A7E-44B2-4DAE-8818-C543BCC626D7}.Release|x86.Build.0 = Release|Any CPU
		{6A0B1DFE-4F09-411E-BC84-F22E0C357B81}.Debug|Any CPU.ActiveCfg = Debug|Any CPU
		{6A0B1DFE-4F09-411E-BC84-F22E0C357B81}.Debug|Any CPU.Build.0 = Debug|Any CPU
		{6A0B1DFE-4F09-411E-BC84-F22E0C357B81}.Debug|x64.ActiveCfg = Debug|Any CPU
		{6A0B1DFE-4F09-411E-BC84-F22E0C357B81}.Debug|x64.Build.0 = Debug|Any CPU
		{6A0B1DFE-4F09-411E-BC84-F22E0C357B81}.Debug|x86.ActiveCfg = Debug|Any CPU
		{6A0B1DFE-4F09-411E-BC84-F22E0C357B81}.Debug|x86.Build.0 = Debug|Any CPU
		{6A0B1DFE-4F09-411E-BC84-F22E0C357B81}.Release|Any CPU.ActiveCfg = Release|Any CPU
		{6A0B1DFE-4F09-411E-BC84-F22E0C357B81}.Release|Any CPU.Build.0 = Release|Any CPU
		{6A0B1DFE-4F09-411E-BC84-F22E0C357B81}.Release|x64.ActiveCfg = Release|Any CPU
		{6A0B1DFE-4F09-411E-BC84-F22E0C357B81}.Release|x64.Build.0 = Release|Any CPU
		{6A0B1DFE-4F09-411E-BC84-F22E0C357B81}.Release|x86.ActiveCfg = Release|Any CPU
		{6A0B1DFE-4F09-411E-BC84-F22E0C357B81}.Release|x86.Build.0 = Release|Any CPU
		{AFB818D9-8F96-4A1F-8DDE-563A8FEEDACA}.Debug|Any CPU.ActiveCfg = Debug|Any CPU
		{AFB818D9-8F96-4A1F-8DDE-563A8FEEDACA}.Debug|Any CPU.Build.0 = Debug|Any CPU
		{AFB818D9-8F96-4A1F-8DDE-563A8FEEDACA}.Debug|x64.ActiveCfg = Debug|Any CPU
		{AFB818D9-8F96-4A1F-8DDE-563A8FEEDACA}.Debug|x64.Build.0 = Debug|Any CPU
		{AFB818D9-8F96-4A1F-8DDE-563A8FEEDACA}.Debug|x86.ActiveCfg = Debug|Any CPU
		{AFB818D9-8F96-4A1F-8DDE-563A8FEEDACA}.Debug|x86.Build.0 = Debug|Any CPU
		{AFB818D9-8F96-4A1F-8DDE-563A8FEEDACA}.Release|Any CPU.ActiveCfg = Release|Any CPU
		{AFB818D9-8F96-4A1F-8DDE-563A8FEEDACA}.Release|Any CPU.Build.0 = Release|Any CPU
		{AFB818D9-8F96-4A1F-8DDE-563A8FEEDACA}.Release|x64.ActiveCfg = Release|Any CPU
		{AFB818D9-8F96-4A1F-8DDE-563A8FEEDACA}.Release|x64.Build.0 = Release|Any CPU
		{AFB818D9-8F96-4A1F-8DDE-563A8FEEDACA}.Release|x86.ActiveCfg = Release|Any CPU
		{AFB818D9-8F96-4A1F-8DDE-563A8FEEDACA}.Release|x86.Build.0 = Release|Any CPU
		{1C28BB9C-A5CE-40B5-8CE0-FB214C58C744}.Debug|Any CPU.ActiveCfg = Debug|Any CPU
		{1C28BB9C-A5CE-40B5-8CE0-FB214C58C744}.Debug|Any CPU.Build.0 = Debug|Any CPU
		{1C28BB9C-A5CE-40B5-8CE0-FB214C58C744}.Debug|x64.ActiveCfg = Debug|Any CPU
		{1C28BB9C-A5CE-40B5-8CE0-FB214C58C744}.Debug|x64.Build.0 = Debug|Any CPU
		{1C28BB9C-A5CE-40B5-8CE0-FB214C58C744}.Debug|x86.ActiveCfg = Debug|Any CPU
		{1C28BB9C-A5CE-40B5-8CE0-FB214C58C744}.Debug|x86.Build.0 = Debug|Any CPU
		{1C28BB9C-A5CE-40B5-8CE0-FB214C58C744}.Release|Any CPU.ActiveCfg = Release|Any CPU
		{1C28BB9C-A5CE-40B5-8CE0-FB214C58C744}.Release|Any CPU.Build.0 = Release|Any CPU
		{1C28BB9C-A5CE-40B5-8CE0-FB214C58C744}.Release|x64.ActiveCfg = Release|Any CPU
		{1C28BB9C-A5CE-40B5-8CE0-FB214C58C744}.Release|x64.Build.0 = Release|Any CPU
		{1C28BB9C-A5CE-40B5-8CE0-FB214C58C744}.Release|x86.ActiveCfg = Release|Any CPU
		{1C28BB9C-A5CE-40B5-8CE0-FB214C58C744}.Release|x86.Build.0 = Release|Any CPU
		{68E86B5D-BFCF-47E5-BCF1-12A85A3785F1}.Debug|Any CPU.ActiveCfg = Debug|Any CPU
		{68E86B5D-BFCF-47E5-BCF1-12A85A3785F1}.Debug|Any CPU.Build.0 = Debug|Any CPU
		{68E86B5D-BFCF-47E5-BCF1-12A85A3785F1}.Debug|x64.ActiveCfg = Debug|Any CPU
		{68E86B5D-BFCF-47E5-BCF1-12A85A3785F1}.Debug|x64.Build.0 = Debug|Any CPU
		{68E86B5D-BFCF-47E5-BCF1-12A85A3785F1}.Debug|x86.ActiveCfg = Debug|Any CPU
		{68E86B5D-BFCF-47E5-BCF1-12A85A3785F1}.Debug|x86.Build.0 = Debug|Any CPU
		{68E86B5D-BFCF-47E5-BCF1-12A85A3785F1}.Release|Any CPU.ActiveCfg = Release|Any CPU
		{68E86B5D-BFCF-47E5-BCF1-12A85A3785F1}.Release|Any CPU.Build.0 = Release|Any CPU
		{68E86B5D-BFCF-47E5-BCF1-12A85A3785F1}.Release|x64.ActiveCfg = Release|Any CPU
		{68E86B5D-BFCF-47E5-BCF1-12A85A3785F1}.Release|x64.Build.0 = Release|Any CPU
		{68E86B5D-BFCF-47E5-BCF1-12A85A3785F1}.Release|x86.ActiveCfg = Release|Any CPU
		{68E86B5D-BFCF-47E5-BCF1-12A85A3785F1}.Release|x86.Build.0 = Release|Any CPU
		{E9D6D0B6-1F43-40D8-9C04-E175DA88A06A}.Debug|Any CPU.ActiveCfg = Debug|Any CPU
		{E9D6D0B6-1F43-40D8-9C04-E175DA88A06A}.Debug|Any CPU.Build.0 = Debug|Any CPU
		{E9D6D0B6-1F43-40D8-9C04-E175DA88A06A}.Debug|x64.ActiveCfg = Debug|Any CPU
		{E9D6D0B6-1F43-40D8-9C04-E175DA88A06A}.Debug|x64.Build.0 = Debug|Any CPU
		{E9D6D0B6-1F43-40D8-9C04-E175DA88A06A}.Debug|x86.ActiveCfg = Debug|Any CPU
		{E9D6D0B6-1F43-40D8-9C04-E175DA88A06A}.Debug|x86.Build.0 = Debug|Any CPU
		{E9D6D0B6-1F43-40D8-9C04-E175DA88A06A}.Release|Any CPU.ActiveCfg = Release|Any CPU
		{E9D6D0B6-1F43-40D8-9C04-E175DA88A06A}.Release|Any CPU.Build.0 = Release|Any CPU
		{E9D6D0B6-1F43-40D8-9C04-E175DA88A06A}.Release|x64.ActiveCfg = Release|Any CPU
		{E9D6D0B6-1F43-40D8-9C04-E175DA88A06A}.Release|x64.Build.0 = Release|Any CPU
		{E9D6D0B6-1F43-40D8-9C04-E175DA88A06A}.Release|x86.ActiveCfg = Release|Any CPU
		{E9D6D0B6-1F43-40D8-9C04-E175DA88A06A}.Release|x86.Build.0 = Release|Any CPU
		{521477F8-0828-4AA8-A8EB-B7439EEDA7C2}.Debug|Any CPU.ActiveCfg = Debug|Any CPU
		{521477F8-0828-4AA8-A8EB-B7439EEDA7C2}.Debug|Any CPU.Build.0 = Debug|Any CPU
		{521477F8-0828-4AA8-A8EB-B7439EEDA7C2}.Debug|x64.ActiveCfg = Debug|Any CPU
		{521477F8-0828-4AA8-A8EB-B7439EEDA7C2}.Debug|x64.Build.0 = Debug|Any CPU
		{521477F8-0828-4AA8-A8EB-B7439EEDA7C2}.Debug|x86.ActiveCfg = Debug|Any CPU
		{521477F8-0828-4AA8-A8EB-B7439EEDA7C2}.Debug|x86.Build.0 = Debug|Any CPU
		{521477F8-0828-4AA8-A8EB-B7439EEDA7C2}.Release|Any CPU.ActiveCfg = Release|Any CPU
		{521477F8-0828-4AA8-A8EB-B7439EEDA7C2}.Release|Any CPU.Build.0 = Release|Any CPU
		{521477F8-0828-4AA8-A8EB-B7439EEDA7C2}.Release|x64.ActiveCfg = Release|Any CPU
		{521477F8-0828-4AA8-A8EB-B7439EEDA7C2}.Release|x64.Build.0 = Release|Any CPU
		{521477F8-0828-4AA8-A8EB-B7439EEDA7C2}.Release|x86.ActiveCfg = Release|Any CPU
		{521477F8-0828-4AA8-A8EB-B7439EEDA7C2}.Release|x86.Build.0 = Release|Any CPU
		{AEFBF1E1-9761-4380-B050-ACEC8B522BD5}.Debug|Any CPU.ActiveCfg = Debug|Any CPU
		{AEFBF1E1-9761-4380-B050-ACEC8B522BD5}.Debug|Any CPU.Build.0 = Debug|Any CPU
		{AEFBF1E1-9761-4380-B050-ACEC8B522BD5}.Debug|x64.ActiveCfg = Debug|Any CPU
		{AEFBF1E1-9761-4380-B050-ACEC8B522BD5}.Debug|x64.Build.0 = Debug|Any CPU
		{AEFBF1E1-9761-4380-B050-ACEC8B522BD5}.Debug|x86.ActiveCfg = Debug|Any CPU
		{AEFBF1E1-9761-4380-B050-ACEC8B522BD5}.Debug|x86.Build.0 = Debug|Any CPU
		{AEFBF1E1-9761-4380-B050-ACEC8B522BD5}.Release|Any CPU.ActiveCfg = Release|Any CPU
		{AEFBF1E1-9761-4380-B050-ACEC8B522BD5}.Release|Any CPU.Build.0 = Release|Any CPU
		{AEFBF1E1-9761-4380-B050-ACEC8B522BD5}.Release|x64.ActiveCfg = Release|Any CPU
		{AEFBF1E1-9761-4380-B050-ACEC8B522BD5}.Release|x64.Build.0 = Release|Any CPU
		{AEFBF1E1-9761-4380-B050-ACEC8B522BD5}.Release|x86.ActiveCfg = Release|Any CPU
		{AEFBF1E1-9761-4380-B050-ACEC8B522BD5}.Release|x86.Build.0 = Release|Any CPU
		{B8828BFF-33EE-469A-8944-D84AD5127057}.Debug|Any CPU.ActiveCfg = Debug|Any CPU
		{B8828BFF-33EE-469A-8944-D84AD5127057}.Debug|Any CPU.Build.0 = Debug|Any CPU
		{B8828BFF-33EE-469A-8944-D84AD5127057}.Debug|x64.ActiveCfg = Debug|Any CPU
		{B8828BFF-33EE-469A-8944-D84AD5127057}.Debug|x64.Build.0 = Debug|Any CPU
		{B8828BFF-33EE-469A-8944-D84AD5127057}.Debug|x86.ActiveCfg = Debug|Any CPU
		{B8828BFF-33EE-469A-8944-D84AD5127057}.Debug|x86.Build.0 = Debug|Any CPU
		{B8828BFF-33EE-469A-8944-D84AD5127057}.Release|Any CPU.ActiveCfg = Release|Any CPU
		{B8828BFF-33EE-469A-8944-D84AD5127057}.Release|Any CPU.Build.0 = Release|Any CPU
		{B8828BFF-33EE-469A-8944-D84AD5127057}.Release|x64.ActiveCfg = Release|Any CPU
		{B8828BFF-33EE-469A-8944-D84AD5127057}.Release|x64.Build.0 = Release|Any CPU
		{B8828BFF-33EE-469A-8944-D84AD5127057}.Release|x86.ActiveCfg = Release|Any CPU
		{B8828BFF-33EE-469A-8944-D84AD5127057}.Release|x86.Build.0 = Release|Any CPU
		{12DCD523-9D50-4FE7-A0EE-D56D1FAF3D7E}.Debug|Any CPU.ActiveCfg = Debug|Any CPU
		{12DCD523-9D50-4FE7-A0EE-D56D1FAF3D7E}.Debug|Any CPU.Build.0 = Debug|Any CPU
		{12DCD523-9D50-4FE7-A0EE-D56D1FAF3D7E}.Debug|x64.ActiveCfg = Debug|Any CPU
		{12DCD523-9D50-4FE7-A0EE-D56D1FAF3D7E}.Debug|x64.Build.0 = Debug|Any CPU
		{12DCD523-9D50-4FE7-A0EE-D56D1FAF3D7E}.Debug|x86.ActiveCfg = Debug|Any CPU
		{12DCD523-9D50-4FE7-A0EE-D56D1FAF3D7E}.Debug|x86.Build.0 = Debug|Any CPU
		{12DCD523-9D50-4FE7-A0EE-D56D1FAF3D7E}.Release|Any CPU.ActiveCfg = Release|Any CPU
		{12DCD523-9D50-4FE7-A0EE-D56D1FAF3D7E}.Release|Any CPU.Build.0 = Release|Any CPU
		{12DCD523-9D50-4FE7-A0EE-D56D1FAF3D7E}.Release|x64.ActiveCfg = Release|Any CPU
		{12DCD523-9D50-4FE7-A0EE-D56D1FAF3D7E}.Release|x64.Build.0 = Release|Any CPU
		{12DCD523-9D50-4FE7-A0EE-D56D1FAF3D7E}.Release|x86.ActiveCfg = Release|Any CPU
		{12DCD523-9D50-4FE7-A0EE-D56D1FAF3D7E}.Release|x86.Build.0 = Release|Any CPU
	EndGlobalSection
	GlobalSection(SolutionProperties) = preSolution
		HideSolutionNode = FALSE
	EndGlobalSection
	GlobalSection(NestedProjects) = preSolution
		{DC2C73DA-6055-4F85-8C31-E9CB04F582C8} = {E7BDDBC6-9FD1-D1D7-ACD8-2C4F8E3D2461}
		{1C7E2A65-AC48-5148-91B9-F6F2EF18A6CD} = {5854FF58-B8C5-05C6-5BF2-ACE42193F22B}
		{764DC612-14A0-4C78-954B-7353D14620CA} = {1C7E2A65-AC48-5148-91B9-F6F2EF18A6CD}
		{AB106D19-9C8F-4A9C-880F-97EB0881FEB2} = {1C7E2A65-AC48-5148-91B9-F6F2EF18A6CD}
		{7C04CB0F-3672-4482-A34F-9ECAB58B66D5} = {1C7E2A65-AC48-5148-91B9-F6F2EF18A6CD}
		{85E5E506-FFC9-440D-B7ED-1B31A82CC8BB} = {1C7E2A65-AC48-5148-91B9-F6F2EF18A6CD}
		{378295AF-C144-6721-7CFF-8DE6E58ED8C7} = {5854FF58-B8C5-05C6-5BF2-ACE42193F22B}
		{AAB2AA2E-C34E-4E00-A1E7-7B63A2BEC56F} = {378295AF-C144-6721-7CFF-8DE6E58ED8C7}
		{C40FCA86-8C8D-1808-ABA7-4F080A907683} = {5854FF58-B8C5-05C6-5BF2-ACE42193F22B}
		{3ACF1B56-DF27-4360-8333-41EC82EB29EB} = {C40FCA86-8C8D-1808-ABA7-4F080A907683}
		{BE25E52A-86BE-980F-5C6A-023CB27BFA56} = {5854FF58-B8C5-05C6-5BF2-ACE42193F22B}
		{5C8D948F-DF73-44CA-A9B5-E6FCEE0BE58A} = {BE25E52A-86BE-980F-5C6A-023CB27BFA56}
		{7261CC15-CD55-42F5-AD8A-0ED63C8D4FCB} = {BE25E52A-86BE-980F-5C6A-023CB27BFA56}
		{2ACD5F84-85EF-4B28-B5F3-BC4657EDB99F} = {BE25E52A-86BE-980F-5C6A-023CB27BFA56}
		{9287BF40-F685-49EA-BB1D-92C063D878B8} = {BE25E52A-86BE-980F-5C6A-023CB27BFA56}
		{2C10195F-6A1C-05F2-2137-ECCC5CFDD573} = {5854FF58-B8C5-05C6-5BF2-ACE42193F22B}
		{C2B96163-73FD-4126-89B1-AA595C9117E0} = {2C10195F-6A1C-05F2-2137-ECCC5CFDD573}
		{4B8C9FB9-5286-44F4-A64C-81E2A2DF5595} = {2C10195F-6A1C-05F2-2137-ECCC5CFDD573}
		{5FBCD7AD-799B-4FA8-BE29-035727122440} = {2C10195F-6A1C-05F2-2137-ECCC5CFDD573}
		{D060D666-DDBD-46C2-BA0B-BEA55F90983F} = {2C10195F-6A1C-05F2-2137-ECCC5CFDD573}
		{74E836B4-46B0-66C7-E002-0B58C90F8616} = {5854FF58-B8C5-05C6-5BF2-ACE42193F22B}
		{BB510B97-C8A9-477B-B2E6-59453E9698D2} = {74E836B4-46B0-66C7-E002-0B58C90F8616}
		{1EB0A407-EE7D-3DAB-5AA0-0DB5A2DA1B71} = {5854FF58-B8C5-05C6-5BF2-ACE42193F22B}
		{41F19A7E-44B2-4DAE-8818-C543BCC626D7} = {1EB0A407-EE7D-3DAB-5AA0-0DB5A2DA1B71}
		{F26AE88D-9B58-4D65-E363-3F407F95ED48} = {5854FF58-B8C5-05C6-5BF2-ACE42193F22B}
		{6A0B1DFE-4F09-411E-BC84-F22E0C357B81} = {F26AE88D-9B58-4D65-E363-3F407F95ED48}
		{BB9B0570-D764-F740-A1C1-3444BA1D5022} = {5854FF58-B8C5-05C6-5BF2-ACE42193F22B}
		{AFB818D9-8F96-4A1F-8DDE-563A8FEEDACA} = {BB9B0570-D764-F740-A1C1-3444BA1D5022}
		{1C28BB9C-A5CE-40B5-8CE0-FB214C58C744} = {BB9B0570-D764-F740-A1C1-3444BA1D5022}
		{68E86B5D-BFCF-47E5-BCF1-12A85A3785F1} = {BB9B0570-D764-F740-A1C1-3444BA1D5022}
		{E9D6D0B6-1F43-40D8-9C04-E175DA88A06A} = {BB9B0570-D764-F740-A1C1-3444BA1D5022}
		{521477F8-0828-4AA8-A8EB-B7439EEDA7C2} = {4F52FD11-658E-A102-6CD3-7D7C16FFA15B}
		{AEFBF1E1-9761-4380-B050-ACEC8B522BD5} = {4F52FD11-658E-A102-6CD3-7D7C16FFA15B}
		{B8828BFF-33EE-469A-8944-D84AD5127057} = {4F52FD11-658E-A102-6CD3-7D7C16FFA15B}
		{12DCD523-9D50-4FE7-A0EE-D56D1FAF3D7E} = {4F52FD11-658E-A102-6CD3-7D7C16FFA15B}
	EndGlobalSection
EndGlobal
